// !$*UTF8*$!
{
	archiveVersion = 1;
	classes = {
	};
	objectVersion = 46;
	objects = {

/* Begin PBXBuildFile section */
		F87A61781BD57FED0062FF2B /* PerfectLib.framework in Frameworks */ = {isa = PBXBuildFile; fileRef = F87A61771BD57FED0062FF2B /* PerfectLib.framework */; };
		F8F28A791BD57D8A00367249 /* PostgreSQL.framework in Frameworks */ = {isa = PBXBuildFile; fileRef = F8F28A6E1BD57D8900367249 /* PostgreSQL.framework */; };
		F8F28A7E1BD57D8A00367249 /* PostgreSQLTests.swift in Sources */ = {isa = PBXBuildFile; fileRef = F8F28A7D1BD57D8A00367249 /* PostgreSQLTests.swift */; };
		F8F28A8A1BD57E2200367249 /* PostgreSQL.swift in Sources */ = {isa = PBXBuildFile; fileRef = F8F28A891BD57E2200367249 /* PostgreSQL.swift */; };
		F8F28A8E1BD57E7800367249 /* libpq.a in Frameworks */ = {isa = PBXBuildFile; fileRef = F8F28A8D1BD57E7800367249 /* libpq.a */; };
		F8F28A911BD57EEC00367249 /* libgssapi_krb5.tbd in Frameworks */ = {isa = PBXBuildFile; fileRef = F8F28A901BD57EEC00367249 /* libgssapi_krb5.tbd */; };
		F8F28A931BD57EF600367249 /* libldap.tbd in Frameworks */ = {isa = PBXBuildFile; fileRef = F8F28A921BD57EF600367249 /* libldap.tbd */; };
		F8F28A951BD57EFF00367249 /* libcrypto.tbd in Frameworks */ = {isa = PBXBuildFile; fileRef = F8F28A941BD57EFF00367249 /* libcrypto.tbd */; };
		F8F28A971BD57F0700367249 /* libssl.tbd in Frameworks */ = {isa = PBXBuildFile; fileRef = F8F28A961BD57F0700367249 /* libssl.tbd */; };
/* End PBXBuildFile section */

/* Begin PBXContainerItemProxy section */
		F8F28A7A1BD57D8A00367249 /* PBXContainerItemProxy */ = {
			isa = PBXContainerItemProxy;
			containerPortal = F8F28A651BD57D8900367249 /* Project object */;
			proxyType = 1;
			remoteGlobalIDString = F8F28A6D1BD57D8900367249;
			remoteInfo = PostgreSQL;
		};
/* End PBXContainerItemProxy section */

/* Begin PBXFileReference section */
		F87A61771BD57FED0062FF2B /* PerfectLib.framework */ = {isa = PBXFileReference; lastKnownFileType = wrapper.framework; name = PerfectLib.framework; path = "../../../../Library/Developer/Xcode/DerivedData/Perfect-bmsnkpplajpulvabysklkvgjzgsj/Build/Products/Debug/PerfectLib.framework"; sourceTree = "<group>"; };
		F8F28A6E1BD57D8900367249 /* PostgreSQL.framework */ = {isa = PBXFileReference; explicitFileType = wrapper.framework; includeInIndex = 0; path = PostgreSQL.framework; sourceTree = BUILT_PRODUCTS_DIR; };
		F8F28A711BD57D8900367249 /* PostgreSQL.h */ = {isa = PBXFileReference; lastKnownFileType = sourcecode.c.h; path = PostgreSQL.h; sourceTree = "<group>"; };
		F8F28A731BD57D8900367249 /* Info.plist */ = {isa = PBXFileReference; lastKnownFileType = text.plist.xml; path = Info.plist; sourceTree = "<group>"; };
		F8F28A781BD57D8A00367249 /* PostgreSQLTests.xctest */ = {isa = PBXFileReference; explicitFileType = wrapper.cfbundle; includeInIndex = 0; path = PostgreSQLTests.xctest; sourceTree = BUILT_PRODUCTS_DIR; };
		F8F28A7D1BD57D8A00367249 /* PostgreSQLTests.swift */ = {isa = PBXFileReference; lastKnownFileType = sourcecode.swift; path = PostgreSQLTests.swift; sourceTree = "<group>"; };
		F8F28A7F1BD57D8A00367249 /* Info.plist */ = {isa = PBXFileReference; lastKnownFileType = text.plist.xml; path = Info.plist; sourceTree = "<group>"; };
		F8F28A891BD57E2200367249 /* PostgreSQL.swift */ = {isa = PBXFileReference; fileEncoding = 4; lastKnownFileType = sourcecode.swift; path = PostgreSQL.swift; sourceTree = "<group>"; };
		F8F28A8B1BD57E4000367249 /* PGLassoObject.swift */ = {isa = PBXFileReference; fileEncoding = 4; lastKnownFileType = sourcecode.swift; path = PGLassoObject.swift; sourceTree = "<group>"; };
		F8F28A8D1BD57E7800367249 /* libpq.a */ = {isa = PBXFileReference; lastKnownFileType = archive.ar; name = libpq.a; path = linked/libpq/osx/libpq.a; sourceTree = "<group>"; };
		F8F28A901BD57EEC00367249 /* libgssapi_krb5.tbd */ = {isa = PBXFileReference; lastKnownFileType = "sourcecode.text-based-dylib-definition"; name = libgssapi_krb5.tbd; path = usr/lib/libgssapi_krb5.tbd; sourceTree = SDKROOT; };
		F8F28A921BD57EF600367249 /* libldap.tbd */ = {isa = PBXFileReference; lastKnownFileType = "sourcecode.text-based-dylib-definition"; name = libldap.tbd; path = usr/lib/libldap.tbd; sourceTree = SDKROOT; };
		F8F28A941BD57EFF00367249 /* libcrypto.tbd */ = {isa = PBXFileReference; lastKnownFileType = "sourcecode.text-based-dylib-definition"; name = libcrypto.tbd; path = usr/lib/libcrypto.tbd; sourceTree = SDKROOT; };
		F8F28A961BD57F0700367249 /* libssl.tbd */ = {isa = PBXFileReference; lastKnownFileType = "sourcecode.text-based-dylib-definition"; name = libssl.tbd; path = usr/lib/libssl.tbd; sourceTree = SDKROOT; };
/* End PBXFileReference section */

/* Begin PBXFrameworksBuildPhase section */
		F8F28A6A1BD57D8900367249 /* Frameworks */ = {
			isa = PBXFrameworksBuildPhase;
			buildActionMask = 2147483647;
			files = (
				F87A61781BD57FED0062FF2B /* PerfectLib.framework in Frameworks */,
				F8F28A971BD57F0700367249 /* libssl.tbd in Frameworks */,
				F8F28A951BD57EFF00367249 /* libcrypto.tbd in Frameworks */,
				F8F28A931BD57EF600367249 /* libldap.tbd in Frameworks */,
				F8F28A911BD57EEC00367249 /* libgssapi_krb5.tbd in Frameworks */,
				F8F28A8E1BD57E7800367249 /* libpq.a in Frameworks */,
			);
			runOnlyForDeploymentPostprocessing = 0;
		};
		F8F28A751BD57D8A00367249 /* Frameworks */ = {
			isa = PBXFrameworksBuildPhase;
			buildActionMask = 2147483647;
			files = (
				F8F28A791BD57D8A00367249 /* PostgreSQL.framework in Frameworks */,
			);
			runOnlyForDeploymentPostprocessing = 0;
		};
/* End PBXFrameworksBuildPhase section */

/* Begin PBXGroup section */
		F8F28A641BD57D8900367249 = {
			isa = PBXGroup;
			children = (
				F8F28A881BD57E1400367249 /* Source */,
				F8F28A701BD57D8900367249 /* PostgreSQL */,
				F8F28A7C1BD57D8A00367249 /* PostgreSQLTests */,
				F8F28A8F1BD57E8100367249 /* Linked */,
				F8F28A6F1BD57D8900367249 /* Products */,
			);
			sourceTree = "<group>";
		};
		F8F28A6F1BD57D8900367249 /* Products */ = {
			isa = PBXGroup;
			children = (
				F8F28A6E1BD57D8900367249 /* PostgreSQL.framework */,
				F8F28A781BD57D8A00367249 /* PostgreSQLTests.xctest */,
			);
			name = Products;
			sourceTree = "<group>";
		};
		F8F28A701BD57D8900367249 /* PostgreSQL */ = {
			isa = PBXGroup;
			children = (
				F8F28A711BD57D8900367249 /* PostgreSQL.h */,
				F8F28A731BD57D8900367249 /* Info.plist */,
			);
			path = PostgreSQL;
			sourceTree = "<group>";
		};
		F8F28A7C1BD57D8A00367249 /* PostgreSQLTests */ = {
			isa = PBXGroup;
			children = (
				F8F28A7D1BD57D8A00367249 /* PostgreSQLTests.swift */,
				F8F28A7F1BD57D8A00367249 /* Info.plist */,
			);
			path = PostgreSQLTests;
			sourceTree = "<group>";
		};
		F8F28A881BD57E1400367249 /* Source */ = {
			isa = PBXGroup;
			children = (
				F8F28A891BD57E2200367249 /* PostgreSQL.swift */,
				F8F28A8B1BD57E4000367249 /* PGLassoObject.swift */,
			);
			name = Source;
			sourceTree = "<group>";
		};
		F8F28A8F1BD57E8100367249 /* Linked */ = {
			isa = PBXGroup;
			children = (
				F87A61771BD57FED0062FF2B /* PerfectLib.framework */,
				F8F28A8D1BD57E7800367249 /* libpq.a */,
				F8F28A901BD57EEC00367249 /* libgssapi_krb5.tbd */,
				F8F28A921BD57EF600367249 /* libldap.tbd */,
				F8F28A941BD57EFF00367249 /* libcrypto.tbd */,
				F8F28A961BD57F0700367249 /* libssl.tbd */,
			);
			name = Linked;
			sourceTree = "<group>";
		};
/* End PBXGroup section */

/* Begin PBXHeadersBuildPhase section */
		F8F28A6B1BD57D8900367249 /* Headers */ = {
			isa = PBXHeadersBuildPhase;
			buildActionMask = 2147483647;
			files = (
			);
			runOnlyForDeploymentPostprocessing = 0;
		};
/* End PBXHeadersBuildPhase section */

/* Begin PBXNativeTarget section */
		F8F28A6D1BD57D8900367249 /* PostgreSQL */ = {
			isa = PBXNativeTarget;
			buildConfigurationList = F8F28A821BD57D8A00367249 /* Build configuration list for PBXNativeTarget "PostgreSQL" */;
			buildPhases = (
				F8F28A691BD57D8900367249 /* Sources */,
				F8F28A6A1BD57D8900367249 /* Frameworks */,
				F8F28A6B1BD57D8900367249 /* Headers */,
				F8F28A6C1BD57D8900367249 /* Resources */,
			);
			buildRules = (
			);
			dependencies = (
			);
			name = PostgreSQL;
			productName = PostgreSQL;
			productReference = F8F28A6E1BD57D8900367249 /* PostgreSQL.framework */;
			productType = "com.apple.product-type.framework";
		};
		F8F28A771BD57D8A00367249 /* PostgreSQLTests */ = {
			isa = PBXNativeTarget;
			buildConfigurationList = F8F28A851BD57D8A00367249 /* Build configuration list for PBXNativeTarget "PostgreSQLTests" */;
			buildPhases = (
				F8F28A741BD57D8A00367249 /* Sources */,
				F8F28A751BD57D8A00367249 /* Frameworks */,
				F8F28A761BD57D8A00367249 /* Resources */,
			);
			buildRules = (
			);
			dependencies = (
				F8F28A7B1BD57D8A00367249 /* PBXTargetDependency */,
			);
			name = PostgreSQLTests;
			productName = PostgreSQLTests;
			productReference = F8F28A781BD57D8A00367249 /* PostgreSQLTests.xctest */;
			productType = "com.apple.product-type.bundle.unit-test";
		};
/* End PBXNativeTarget section */

/* Begin PBXProject section */
		F8F28A651BD57D8900367249 /* Project object */ = {
			isa = PBXProject;
			attributes = {
				LastSwiftUpdateCheck = 0700;
				LastUpgradeCheck = 0700;
				ORGANIZATIONNAME = PerfectlySoft;
				TargetAttributes = {
					F8F28A6D1BD57D8900367249 = {
						CreatedOnToolsVersion = 7.0;
					};
					F8F28A771BD57D8A00367249 = {
						CreatedOnToolsVersion = 7.0;
					};
				};
			};
			buildConfigurationList = F8F28A681BD57D8900367249 /* Build configuration list for PBXProject "PostgreSQL" */;
			compatibilityVersion = "Xcode 3.2";
			developmentRegion = English;
			hasScannedForEncodings = 0;
			knownRegions = (
				en,
			);
			mainGroup = F8F28A641BD57D8900367249;
			productRefGroup = F8F28A6F1BD57D8900367249 /* Products */;
			projectDirPath = "";
			projectRoot = "";
			targets = (
				F8F28A6D1BD57D8900367249 /* PostgreSQL */,
				F8F28A771BD57D8A00367249 /* PostgreSQLTests */,
			);
		};
/* End PBXProject section */

/* Begin PBXResourcesBuildPhase section */
		F8F28A6C1BD57D8900367249 /* Resources */ = {
			isa = PBXResourcesBuildPhase;
			buildActionMask = 2147483647;
			files = (
			);
			runOnlyForDeploymentPostprocessing = 0;
		};
		F8F28A761BD57D8A00367249 /* Resources */ = {
			isa = PBXResourcesBuildPhase;
			buildActionMask = 2147483647;
			files = (
			);
			runOnlyForDeploymentPostprocessing = 0;
		};
/* End PBXResourcesBuildPhase section */

/* Begin PBXSourcesBuildPhase section */
		F8F28A691BD57D8900367249 /* Sources */ = {
			isa = PBXSourcesBuildPhase;
			buildActionMask = 2147483647;
			files = (
				F8F28A8A1BD57E2200367249 /* PostgreSQL.swift in Sources */,
			);
			runOnlyForDeploymentPostprocessing = 0;
		};
		F8F28A741BD57D8A00367249 /* Sources */ = {
			isa = PBXSourcesBuildPhase;
			buildActionMask = 2147483647;
			files = (
				F8F28A7E1BD57D8A00367249 /* PostgreSQLTests.swift in Sources */,
			);
			runOnlyForDeploymentPostprocessing = 0;
		};
/* End PBXSourcesBuildPhase section */

/* Begin PBXTargetDependency section */
		F8F28A7B1BD57D8A00367249 /* PBXTargetDependency */ = {
			isa = PBXTargetDependency;
			target = F8F28A6D1BD57D8900367249 /* PostgreSQL */;
			targetProxy = F8F28A7A1BD57D8A00367249 /* PBXContainerItemProxy */;
		};
/* End PBXTargetDependency section */

/* Begin XCBuildConfiguration section */
		F8F28A801BD57D8A00367249 /* Debug */ = {
			isa = XCBuildConfiguration;
			buildSettings = {
				ALWAYS_SEARCH_USER_PATHS = NO;
				CLANG_CXX_LANGUAGE_STANDARD = "gnu++0x";
				CLANG_CXX_LIBRARY = "libc++";
				CLANG_ENABLE_MODULES = YES;
				CLANG_ENABLE_OBJC_ARC = YES;
				CLANG_WARN_BOOL_CONVERSION = YES;
				CLANG_WARN_CONSTANT_CONVERSION = YES;
				CLANG_WARN_DIRECT_OBJC_ISA_USAGE = YES_ERROR;
				CLANG_WARN_EMPTY_BODY = YES;
				CLANG_WARN_ENUM_CONVERSION = YES;
				CLANG_WARN_INT_CONVERSION = YES;
				CLANG_WARN_OBJC_ROOT_CLASS = YES_ERROR;
				CLANG_WARN_UNREACHABLE_CODE = YES;
				CLANG_WARN__DUPLICATE_METHOD_MATCH = YES;
				COPY_PHASE_STRIP = NO;
				CURRENT_PROJECT_VERSION = 1;
				DEBUG_INFORMATION_FORMAT = dwarf;
				ENABLE_STRICT_OBJC_MSGSEND = YES;
				ENABLE_TESTABILITY = YES;
				GCC_C_LANGUAGE_STANDARD = gnu99;
				GCC_DYNAMIC_NO_PIC = NO;
				GCC_NO_COMMON_BLOCKS = YES;
				GCC_OPTIMIZATION_LEVEL = 0;
				GCC_PREPROCESSOR_DEFINITIONS = (
					"DEBUG=1",
					"$(inherited)",
				);
				GCC_WARN_64_TO_32_BIT_CONVERSION = YES;
				GCC_WARN_ABOUT_RETURN_TYPE = YES_ERROR;
				GCC_WARN_UNDECLARED_SELECTOR = YES;
				GCC_WARN_UNINITIALIZED_AUTOS = YES_AGGRESSIVE;
				GCC_WARN_UNUSED_FUNCTION = YES;
				GCC_WARN_UNUSED_VARIABLE = YES;
				MACOSX_DEPLOYMENT_TARGET = 10.11;
				MTL_ENABLE_DEBUG_INFO = YES;
				ONLY_ACTIVE_ARCH = YES;
				SDKROOT = macosx;
				SWIFT_OPTIMIZATION_LEVEL = "-Onone";
				VERSIONING_SYSTEM = "apple-generic";
				VERSION_INFO_PREFIX = "";
			};
			name = Debug;
		};
		F8F28A811BD57D8A00367249 /* Release */ = {
			isa = XCBuildConfiguration;
			buildSettings = {
				ALWAYS_SEARCH_USER_PATHS = NO;
				CLANG_CXX_LANGUAGE_STANDARD = "gnu++0x";
				CLANG_CXX_LIBRARY = "libc++";
				CLANG_ENABLE_MODULES = YES;
				CLANG_ENABLE_OBJC_ARC = YES;
				CLANG_WARN_BOOL_CONVERSION = YES;
				CLANG_WARN_CONSTANT_CONVERSION = YES;
				CLANG_WARN_DIRECT_OBJC_ISA_USAGE = YES_ERROR;
				CLANG_WARN_EMPTY_BODY = YES;
				CLANG_WARN_ENUM_CONVERSION = YES;
				CLANG_WARN_INT_CONVERSION = YES;
				CLANG_WARN_OBJC_ROOT_CLASS = YES_ERROR;
				CLANG_WARN_UNREACHABLE_CODE = YES;
				CLANG_WARN__DUPLICATE_METHOD_MATCH = YES;
				COPY_PHASE_STRIP = NO;
				CURRENT_PROJECT_VERSION = 1;
				DEBUG_INFORMATION_FORMAT = "dwarf-with-dsym";
				ENABLE_NS_ASSERTIONS = NO;
				ENABLE_STRICT_OBJC_MSGSEND = YES;
				GCC_C_LANGUAGE_STANDARD = gnu99;
				GCC_NO_COMMON_BLOCKS = YES;
				GCC_WARN_64_TO_32_BIT_CONVERSION = YES;
				GCC_WARN_ABOUT_RETURN_TYPE = YES_ERROR;
				GCC_WARN_UNDECLARED_SELECTOR = YES;
				GCC_WARN_UNINITIALIZED_AUTOS = YES_AGGRESSIVE;
				GCC_WARN_UNUSED_FUNCTION = YES;
				GCC_WARN_UNUSED_VARIABLE = YES;
				MACOSX_DEPLOYMENT_TARGET = 10.11;
				MTL_ENABLE_DEBUG_INFO = NO;
				SDKROOT = macosx;
				VERSIONING_SYSTEM = "apple-generic";
				VERSION_INFO_PREFIX = "";
			};
			name = Release;
		};
		F8F28A831BD57D8A00367249 /* Debug */ = {
			isa = XCBuildConfiguration;
			buildSettings = {
				COMBINE_HIDPI_IMAGES = YES;
				DEFINES_MODULE = YES;
				DYLIB_COMPATIBILITY_VERSION = 1;
				DYLIB_CURRENT_VERSION = 1;
				DYLIB_INSTALL_NAME_BASE = "@rpath";
				EMBEDDED_CONTENT_CONTAINS_SWIFT = YES;
				FRAMEWORK_VERSION = A;
				INFOPLIST_FILE = "$(SRCROOT)/Info.plist";
				INSTALL_PATH = "$(LOCAL_LIBRARY_DIR)/Frameworks";
				LD_RUNPATH_SEARCH_PATHS = "$(inherited) @executable_path/../Frameworks @loader_path/Frameworks";
				LIBRARY_SEARCH_PATHS = (
					"$(inherited)",
					"$(PROJECT_DIR)/linked/libpq/osx",
				);
				MACOSX_DEPLOYMENT_TARGET = 10.11;
				PRODUCT_BUNDLE_IDENTIFIER = ca.perfectlysoft.PostgreSQL;
				PRODUCT_NAME = "$(TARGET_NAME)";
				SKIP_INSTALL = YES;
				SWIFT_INCLUDE_PATHS = "${SRCROOT}/linked/libpq";
				SWIFT_INSTALL_OBJC_HEADER = NO;
				SWIFT_OPTIMIZATION_LEVEL = "-Onone";
			};
			name = Debug;
		};
		F8F28A841BD57D8A00367249 /* Release */ = {
			isa = XCBuildConfiguration;
			buildSettings = {
				COMBINE_HIDPI_IMAGES = YES;
				DEFINES_MODULE = YES;
				DYLIB_COMPATIBILITY_VERSION = 1;
				DYLIB_CURRENT_VERSION = 1;
				DYLIB_INSTALL_NAME_BASE = "@rpath";
				EMBEDDED_CONTENT_CONTAINS_SWIFT = YES;
				FRAMEWORK_VERSION = A;
				INFOPLIST_FILE = "$(SRCROOT)/Info.plist";
				INSTALL_PATH = "$(LOCAL_LIBRARY_DIR)/Frameworks";
				LD_RUNPATH_SEARCH_PATHS = "$(inherited) @executable_path/../Frameworks @loader_path/Frameworks";
				LIBRARY_SEARCH_PATHS = (
					"$(inherited)",
					"$(PROJECT_DIR)/linked/libpq/osx",
				);
				MACOSX_DEPLOYMENT_TARGET = 10.11;
				PRODUCT_BUNDLE_IDENTIFIER = ca.perfectlysoft.PostgreSQL;
				PRODUCT_NAME = "$(TARGET_NAME)";
				SKIP_INSTALL = YES;
				SWIFT_INCLUDE_PATHS = "${SRCROOT}/linked/libpq";
				SWIFT_INSTALL_OBJC_HEADER = NO;
			};
			name = Release;
		};
		F8F28A861BD57D8A00367249 /* Debug */ = {
			isa = XCBuildConfiguration;
			buildSettings = {
				COMBINE_HIDPI_IMAGES = YES;
				INFOPLIST_FILE = PostgreSQLTests/Info.plist;
				LD_RUNPATH_SEARCH_PATHS = "$(inherited) @executable_path/../Frameworks @loader_path/../Frameworks";
				PRODUCT_BUNDLE_IDENTIFIER = ca.perfectlysoft.PostgreSQLTests;
				PRODUCT_NAME = "$(TARGET_NAME)";
			};
			name = Debug;
		};
		F8F28A871BD57D8A00367249 /* Release */ = {
			isa = XCBuildConfiguration;
			buildSettings = {
				COMBINE_HIDPI_IMAGES = YES;
				INFOPLIST_FILE = PostgreSQLTests/Info.plist;
				LD_RUNPATH_SEARCH_PATHS = "$(inherited) @executable_path/../Frameworks @loader_path/../Frameworks";
				PRODUCT_BUNDLE_IDENTIFIER = ca.perfectlysoft.PostgreSQLTests;
				PRODUCT_NAME = "$(TARGET_NAME)";
			};
			name = Release;
		};
/* End XCBuildConfiguration section */

/* Begin XCConfigurationList section */
		F8F28A681BD57D8900367249 /* Build configuration list for PBXProject "PostgreSQL" */ = {
			isa = XCConfigurationList;
			buildConfigurations = (
				F8F28A801BD57D8A00367249 /* Debug */,
				F8F28A811BD57D8A00367249 /* Release */,
			);
			defaultConfigurationIsVisible = 0;
			defaultConfigurationName = Release;
		};
		F8F28A821BD57D8A00367249 /* Build configuration list for PBXNativeTarget "PostgreSQL" */ = {
			isa = XCConfigurationList;
			buildConfigurations = (
				F8F28A831BD57D8A00367249 /* Debug */,
				F8F28A841BD57D8A00367249 /* Release */,
			);
			defaultConfigurationIsVisible = 0;
			defaultConfigurationName = Release;
		};
		F8F28A851BD57D8A00367249 /* Build configuration list for PBXNativeTarget "PostgreSQLTests" */ = {
			isa = XCConfigurationList;
			buildConfigurations = (
				F8F28A861BD57D8A00367249 /* Debug */,
				F8F28A871BD57D8A00367249 /* Release */,
			);
			defaultConfigurationIsVisible = 0;
			defaultConfigurationName = Release;
		};
/* End XCConfigurationList section */
	};
	rootObject = F8F28A651BD57D8900367249 /* Project object */;
}
