// !$*UTF8*$!
{
	archiveVersion = 1;
	classes = {
	};
	objectVersion = 46;
	objects = {

/* Begin PBXBuildFile section */
		F8664C4B1C2082AE009817C2 /* URL Routing.h in Headers */ = {isa = PBXBuildFile; fileRef = F8664C4A1C2082AE009817C2 /* URL Routing.h */; settings = {ATTRIBUTES = (Public, ); }; };
		F8664C4F1C2082AE009817C2 /* PerfectHandlers.swift in Sources */ = {isa = PBXBuildFile; fileRef = F8664C4E1C2082AE009817C2 /* PerfectHandlers.swift */; };
		F8933C1F1C3C529A0048EFE9 /* PerfectLib.framework in Frameworks */ = {isa = PBXBuildFile; fileRef = F8933C1E1C3C529A0048EFE9 /* PerfectLib.framework */; };
/* End PBXBuildFile section */

/* Begin PBXFileReference section */
		F8664C471C2082AE009817C2 /* URL Routing.framework */ = {isa = PBXFileReference; explicitFileType = wrapper.framework; includeInIndex = 0; path = "URL Routing.framework"; sourceTree = BUILT_PRODUCTS_DIR; };
		F8664C4A1C2082AE009817C2 /* URL Routing.h */ = {isa = PBXFileReference; lastKnownFileType = sourcecode.c.h; path = "URL Routing.h"; sourceTree = "<group>"; };
		F8664C4E1C2082AE009817C2 /* PerfectHandlers.swift */ = {isa = PBXFileReference; lastKnownFileType = sourcecode.swift; path = PerfectHandlers.swift; sourceTree = "<group>"; };
		F8664C501C2082AE009817C2 /* Info.plist */ = {isa = PBXFileReference; lastKnownFileType = text.plist.xml; path = Info.plist; sourceTree = "<group>"; };
		F8933C1E1C3C529A0048EFE9 /* PerfectLib.framework */ = {isa = PBXFileReference; lastKnownFileType = wrapper.framework; name = PerfectLib.framework; path = "../../../../Library/Developer/Xcode/DerivedData/Examples-ebfeivyuaxcjnrhcezzfamsblphw/Build/Products/Debug/PerfectLib.framework"; sourceTree = "<group>"; };
/* End PBXFileReference section */

/* Begin PBXFrameworksBuildPhase section */
		F8664C431C2082AE009817C2 /* Frameworks */ = {
			isa = PBXFrameworksBuildPhase;
			buildActionMask = 2147483647;
			files = (
				F8933C1F1C3C529A0048EFE9 /* PerfectLib.framework in Frameworks */,
			);
			runOnlyForDeploymentPostprocessing = 0;
		};
/* End PBXFrameworksBuildPhase section */

/* Begin PBXGroup section */
		F8664C3D1C2082AE009817C2 = {
			isa = PBXGroup;
			children = (
				F8664C491C2082AE009817C2 /* URL Routing */,
				F8933C221C3C553E0048EFE9 /* Linked */,
				F8664C481C2082AE009817C2 /* Products */,
			);
			sourceTree = "<group>";
		};
		F8664C481C2082AE009817C2 /* Products */ = {
			isa = PBXGroup;
			children = (
				F8664C471C2082AE009817C2 /* URL Routing.framework */,
			);
			name = Products;
			sourceTree = "<group>";
		};
		F8664C491C2082AE009817C2 /* URL Routing */ = {
			isa = PBXGroup;
			children = (
				F8664C4A1C2082AE009817C2 /* URL Routing.h */,
				F8664C4E1C2082AE009817C2 /* PerfectHandlers.swift */,
				F8664C501C2082AE009817C2 /* Info.plist */,
			);
			path = "URL Routing";
			sourceTree = "<group>";
		};
		F8933C221C3C553E0048EFE9 /* Linked */ = {
			isa = PBXGroup;
			children = (
				F8933C1E1C3C529A0048EFE9 /* PerfectLib.framework */,
			);
			name = Linked;
			sourceTree = "<group>";
		};
/* End PBXGroup section */

/* Begin PBXHeadersBuildPhase section */
		F8664C441C2082AE009817C2 /* Headers */ = {
			isa = PBXHeadersBuildPhase;
			buildActionMask = 2147483647;
			files = (
				F8664C4B1C2082AE009817C2 /* URL Routing.h in Headers */,
			);
			runOnlyForDeploymentPostprocessing = 0;
		};
/* End PBXHeadersBuildPhase section */

/* Begin PBXNativeTarget section */
		F8664C461C2082AE009817C2 /* URL Routing */ = {
			isa = PBXNativeTarget;
			buildConfigurationList = F8664C531C2082AE009817C2 /* Build configuration list for PBXNativeTarget "URL Routing" */;
			buildPhases = (
				F8664C421C2082AE009817C2 /* Sources */,
				F8664C431C2082AE009817C2 /* Frameworks */,
				F8664C441C2082AE009817C2 /* Headers */,
				F8664C451C2082AE009817C2 /* Resources */,
			);
			buildRules = (
			);
			dependencies = (
			);
			name = "URL Routing";
			productName = "URL Routing";
			productReference = F8664C471C2082AE009817C2 /* URL Routing.framework */;
			productType = "com.apple.product-type.framework";
		};
/* End PBXNativeTarget section */

/* Begin PBXProject section */
		F8664C3E1C2082AE009817C2 /* Project object */ = {
			isa = PBXProject;
			attributes = {
				LastSwiftUpdateCheck = 0720;
				LastUpgradeCheck = 0720;
				ORGANIZATIONNAME = PerfectlySoft;
				TargetAttributes = {
					F8664C461C2082AE009817C2 = {
						CreatedOnToolsVersion = 7.2;
					};
				};
			};
			buildConfigurationList = F8664C411C2082AE009817C2 /* Build configuration list for PBXProject "URL Routing" */;
			compatibilityVersion = "Xcode 3.2";
			developmentRegion = English;
			hasScannedForEncodings = 0;
			knownRegions = (
				en,
			);
			mainGroup = F8664C3D1C2082AE009817C2;
			productRefGroup = F8664C481C2082AE009817C2 /* Products */;
			projectDirPath = "";
			projectRoot = "";
			targets = (
				F8664C461C2082AE009817C2 /* URL Routing */,
			);
		};
/* End PBXProject section */

/* Begin PBXResourcesBuildPhase section */
		F8664C451C2082AE009817C2 /* Resources */ = {
			isa = PBXResourcesBuildPhase;
			buildActionMask = 2147483647;
			files = (
			);
			runOnlyForDeploymentPostprocessing = 0;
		};
/* End PBXResourcesBuildPhase section */

/* Begin PBXSourcesBuildPhase section */
		F8664C421C2082AE009817C2 /* Sources */ = {
			isa = PBXSourcesBuildPhase;
			buildActionMask = 2147483647;
			files = (
				F8664C4F1C2082AE009817C2 /* PerfectHandlers.swift in Sources */,
			);
			runOnlyForDeploymentPostprocessing = 0;
		};
/* End PBXSourcesBuildPhase section */

/* Begin XCBuildConfiguration section */
		F8664C511C2082AE009817C2 /* Debug */ = {
			isa = XCBuildConfiguration;
			buildSettings = {
				ALWAYS_SEARCH_USER_PATHS = NO;
				CLANG_CXX_LANGUAGE_STANDARD = "gnu++0x";
				CLANG_CXX_LIBRARY = "libc++";
				CLANG_ENABLE_MODULES = YES;
				CLANG_ENABLE_OBJC_ARC = YES;
				CLANG_WARN_BOOL_CONVERSION = YES;
				CLANG_WARN_CONSTANT_CONVERSION = YES;
				CLANG_WARN_DIRECT_OBJC_ISA_USAGE = YES_ERROR;
				CLANG_WARN_EMPTY_BODY = YES;
				CLANG_WARN_ENUM_CONVERSION = YES;
				CLANG_WARN_INT_CONVERSION = YES;
				CLANG_WARN_OBJC_ROOT_CLASS = YES_ERROR;
				CLANG_WARN_UNREACHABLE_CODE = YES;
				CLANG_WARN__DUPLICATE_METHOD_MATCH = YES;
				CODE_SIGN_IDENTITY = "-";
				COPY_PHASE_STRIP = NO;
				CURRENT_PROJECT_VERSION = 1;
				DEBUG_INFORMATION_FORMAT = dwarf;
				ENABLE_STRICT_OBJC_MSGSEND = YES;
				ENABLE_TESTABILITY = YES;
				GCC_C_LANGUAGE_STANDARD = gnu99;
				GCC_DYNAMIC_NO_PIC = NO;
				GCC_NO_COMMON_BLOCKS = YES;
				GCC_OPTIMIZATION_LEVEL = 0;
				GCC_PREPROCESSOR_DEFINITIONS = (
					"DEBUG=1",
					"$(inherited)",
				);
				GCC_WARN_64_TO_32_BIT_CONVERSION = YES;
				GCC_WARN_ABOUT_RETURN_TYPE = YES_ERROR;
				GCC_WARN_UNDECLARED_SELECTOR = YES;
				GCC_WARN_UNINITIALIZED_AUTOS = YES_AGGRESSIVE;
				GCC_WARN_UNUSED_FUNCTION = YES;
				GCC_WARN_UNUSED_VARIABLE = YES;
				MACOSX_DEPLOYMENT_TARGET = 10.11;
				MTL_ENABLE_DEBUG_INFO = YES;
				ONLY_ACTIVE_ARCH = YES;
				SDKROOT = macosx;
				SWIFT_OPTIMIZATION_LEVEL = "-Onone";
				VERSIONING_SYSTEM = "apple-generic";
				VERSION_INFO_PREFIX = "";
			};
			name = Debug;
		};
		F8664C521C2082AE009817C2 /* Release */ = {
			isa = XCBuildConfiguration;
			buildSettings = {
				ALWAYS_SEARCH_USER_PATHS = NO;
				CLANG_CXX_LANGUAGE_STANDARD = "gnu++0x";
				CLANG_CXX_LIBRARY = "libc++";
				CLANG_ENABLE_MODULES = YES;
				CLANG_ENABLE_OBJC_ARC = YES;
				CLANG_WARN_BOOL_CONVERSION = YES;
				CLANG_WARN_CONSTANT_CONVERSION = YES;
				CLANG_WARN_DIRECT_OBJC_ISA_USAGE = YES_ERROR;
				CLANG_WARN_EMPTY_BODY = YES;
				CLANG_WARN_ENUM_CONVERSION = YES;
				CLANG_WARN_INT_CONVERSION = YES;
				CLANG_WARN_OBJC_ROOT_CLASS = YES_ERROR;
				CLANG_WARN_UNREACHABLE_CODE = YES;
				CLANG_WARN__DUPLICATE_METHOD_MATCH = YES;
				CODE_SIGN_IDENTITY = "-";
				COPY_PHASE_STRIP = NO;
				CURRENT_PROJECT_VERSION = 1;
				DEBUG_INFORMATION_FORMAT = "dwarf-with-dsym";
				ENABLE_NS_ASSERTIONS = NO;
				ENABLE_STRICT_OBJC_MSGSEND = YES;
				GCC_C_LANGUAGE_STANDARD = gnu99;
				GCC_NO_COMMON_BLOCKS = YES;
				GCC_WARN_64_TO_32_BIT_CONVERSION = YES;
				GCC_WARN_ABOUT_RETURN_TYPE = YES_ERROR;
				GCC_WARN_UNDECLARED_SELECTOR = YES;
				GCC_WARN_UNINITIALIZED_AUTOS = YES_AGGRESSIVE;
				GCC_WARN_UNUSED_FUNCTION = YES;
				GCC_WARN_UNUSED_VARIABLE = YES;
				MACOSX_DEPLOYMENT_TARGET = 10.11;
				MTL_ENABLE_DEBUG_INFO = NO;
				SDKROOT = macosx;
				VERSIONING_SYSTEM = "apple-generic";
				VERSION_INFO_PREFIX = "";
			};
			name = Release;
		};
		F8664C541C2082AE009817C2 /* Debug */ = {
			isa = XCBuildConfiguration;
			buildSettings = {
				COMBINE_HIDPI_IMAGES = YES;
				DEFINES_MODULE = NO;
				DEPLOYMENT_LOCATION = YES;
				DSTROOT = "$(CONFIGURATION_BUILD_DIR)";
				DYLIB_COMPATIBILITY_VERSION = 1;
				DYLIB_CURRENT_VERSION = 1;
				DYLIB_INSTALL_NAME_BASE = "@rpath";
				FRAMEWORK_VERSION = A;
				INFOPLIST_FILE = "URL Routing/Info.plist";
				INSTALL_PATH = /PerfectLibraries;
				LD_RUNPATH_SEARCH_PATHS = "$(inherited) @executable_path/../Frameworks @loader_path/Frameworks";
				MACOSX_DEPLOYMENT_TARGET = 10.11;
				PRODUCT_BUNDLE_IDENTIFIER = "ca.perfectlysoft.URL-Routing";
				PRODUCT_NAME = "$(TARGET_NAME)";
				SKIP_INSTALL = NO;
			};
			name = Debug;
		};
		F8664C551C2082AE009817C2 /* Release */ = {
			isa = XCBuildConfiguration;
			buildSettings = {
				COMBINE_HIDPI_IMAGES = YES;
				DEFINES_MODULE = NO;
				DEPLOYMENT_LOCATION = YES;
				DSTROOT = "$(CONFIGURATION_BUILD_DIR)";
				DYLIB_COMPATIBILITY_VERSION = 1;
				DYLIB_CURRENT_VERSION = 1;
				DYLIB_INSTALL_NAME_BASE = "@rpath";
				FRAMEWORK_VERSION = A;
				INFOPLIST_FILE = "URL Routing/Info.plist";
				INSTALL_PATH = /PerfectLibraries;
				LD_RUNPATH_SEARCH_PATHS = "$(inherited) @executable_path/../Frameworks @loader_path/Frameworks";
				MACOSX_DEPLOYMENT_TARGET = 10.11;
				PRODUCT_BUNDLE_IDENTIFIER = "ca.perfectlysoft.URL-Routing";
				PRODUCT_NAME = "$(TARGET_NAME)";
				SKIP_INSTALL = NO;
			};
			name = Release;
		};
/* End XCBuildConfiguration section */

/* Begin XCConfigurationList section */
		F8664C411C2082AE009817C2 /* Build configuration list for PBXProject "URL Routing" */ = {
			isa = XCConfigurationList;
			buildConfigurations = (
				F8664C511C2082AE009817C2 /* Debug */,
				F8664C521C2082AE009817C2 /* Release */,
			);
			defaultConfigurationIsVisible = 0;
			defaultConfigurationName = Release;
		};
		F8664C531C2082AE009817C2 /* Build configuration list for PBXNativeTarget "URL Routing" */ = {
			isa = XCConfigurationList;
			buildConfigurations = (
				F8664C541C2082AE009817C2 /* Debug */,
				F8664C551C2082AE009817C2 /* Release */,
			);
			defaultConfigurationIsVisible = 0;
			defaultConfigurationName = Release;
		};
/* End XCConfigurationList section */
	};
	rootObject = F8664C3E1C2082AE009817C2 /* Project object */;
}
