// !$*UTF8*$!
{
	archiveVersion = 1;
	classes = {
	};
	objectVersion = 46;
	objects = {

/* Begin PBXBuildFile section */
		F8F28A631BD57BAE00367249 /* mod_perfect.cpp in Sources */ = {isa = PBXBuildFile; fileRef = F8F28A621BD57BAE00367249 /* mod_perfect.cpp */; settings = {ASSET_TAGS = (); }; };
/* End PBXBuildFile section */

/* Begin PBXFileReference section */
		F8F28A5A1BD57B7200367249 /* mod_perfect.dylib */ = {isa = PBXFileReference; explicitFileType = "compiled.mach-o.dylib"; includeInIndex = 0; path = mod_perfect.dylib; sourceTree = BUILT_PRODUCTS_DIR; };
		F8F28A621BD57BAE00367249 /* mod_perfect.cpp */ = {isa = PBXFileReference; fileEncoding = 4; lastKnownFileType = sourcecode.cpp.cpp; path = mod_perfect.cpp; sourceTree = "<group>"; };
/* End PBXFileReference section */

/* Begin PBXFrameworksBuildPhase section */
		F8F28A571BD57B7200367249 /* Frameworks */ = {
			isa = PBXFrameworksBuildPhase;
			buildActionMask = 2147483647;
			files = (
			);
			runOnlyForDeploymentPostprocessing = 0;
		};
/* End PBXFrameworksBuildPhase section */

/* Begin PBXGroup section */
		F8F28A511BD57B7200367249 = {
			isa = PBXGroup;
			children = (
				F8F28A611BD57BA000367249 /* Source */,
				F8F28A5B1BD57B7200367249 /* Products */,
			);
			sourceTree = "<group>";
		};
		F8F28A5B1BD57B7200367249 /* Products */ = {
			isa = PBXGroup;
			children = (
				F8F28A5A1BD57B7200367249 /* mod_perfect.dylib */,
			);
			name = Products;
			sourceTree = "<group>";
		};
		F8F28A611BD57BA000367249 /* Source */ = {
			isa = PBXGroup;
			children = (
				F8F28A621BD57BAE00367249 /* mod_perfect.cpp */,
			);
			name = Source;
			sourceTree = "<group>";
		};
/* End PBXGroup section */

/* Begin PBXHeadersBuildPhase section */
		F8F28A581BD57B7200367249 /* Headers */ = {
			isa = PBXHeadersBuildPhase;
			buildActionMask = 2147483647;
			files = (
			);
			runOnlyForDeploymentPostprocessing = 0;
		};
/* End PBXHeadersBuildPhase section */

/* Begin PBXNativeTarget section */
		F8F28A591BD57B7200367249 /* mod_perfect */ = {
			isa = PBXNativeTarget;
			buildConfigurationList = F8F28A5E1BD57B7200367249 /* Build configuration list for PBXNativeTarget "mod_perfect" */;
			buildPhases = (
				F8F28A561BD57B7200367249 /* Sources */,
				F8F28A571BD57B7200367249 /* Frameworks */,
				F8F28A581BD57B7200367249 /* Headers */,
			);
			buildRules = (
			);
			dependencies = (
			);
			name = mod_perfect;
			productName = mod_perfect;
			productReference = F8F28A5A1BD57B7200367249 /* mod_perfect.dylib */;
			productType = "com.apple.product-type.library.dynamic";
		};
/* End PBXNativeTarget section */

/* Begin PBXProject section */
		F8F28A521BD57B7200367249 /* Project object */ = {
			isa = PBXProject;
			attributes = {
				LastUpgradeCheck = 0700;
				ORGANIZATIONNAME = PerfectlySoft;
				TargetAttributes = {
					F8F28A591BD57B7200367249 = {
						CreatedOnToolsVersion = 7.0;
					};
				};
			};
			buildConfigurationList = F8F28A551BD57B7200367249 /* Build configuration list for PBXProject "mod_perfect" */;
			compatibilityVersion = "Xcode 3.2";
			developmentRegion = English;
			hasScannedForEncodings = 0;
			knownRegions = (
				en,
			);
			mainGroup = F8F28A511BD57B7200367249;
			productRefGroup = F8F28A5B1BD57B7200367249 /* Products */;
			projectDirPath = "";
			projectRoot = "";
			targets = (
				F8F28A591BD57B7200367249 /* mod_perfect */,
			);
		};
/* End PBXProject section */

/* Begin PBXSourcesBuildPhase section */
		F8F28A561BD57B7200367249 /* Sources */ = {
			isa = PBXSourcesBuildPhase;
			buildActionMask = 2147483647;
			files = (
				F8F28A631BD57BAE00367249 /* mod_perfect.cpp in Sources */,
			);
			runOnlyForDeploymentPostprocessing = 0;
		};
/* End PBXSourcesBuildPhase section */

/* Begin XCBuildConfiguration section */
		F8F28A5C1BD57B7200367249 /* Debug */ = {
			isa = XCBuildConfiguration;
			buildSettings = {
				ALWAYS_SEARCH_USER_PATHS = NO;
				CLANG_CXX_LANGUAGE_STANDARD = "gnu++0x";
				CLANG_CXX_LIBRARY = "libc++";
				CLANG_ENABLE_MODULES = YES;
				CLANG_ENABLE_OBJC_ARC = YES;
				CLANG_WARN_BOOL_CONVERSION = YES;
				CLANG_WARN_CONSTANT_CONVERSION = YES;
				CLANG_WARN_DIRECT_OBJC_ISA_USAGE = YES_ERROR;
				CLANG_WARN_EMPTY_BODY = YES;
				CLANG_WARN_ENUM_CONVERSION = YES;
				CLANG_WARN_INT_CONVERSION = YES;
				CLANG_WARN_OBJC_ROOT_CLASS = YES_ERROR;
				CLANG_WARN_UNREACHABLE_CODE = YES;
				CLANG_WARN__DUPLICATE_METHOD_MATCH = YES;
				COPY_PHASE_STRIP = NO;
				DEBUG_INFORMATION_FORMAT = dwarf;
				ENABLE_STRICT_OBJC_MSGSEND = YES;
				ENABLE_TESTABILITY = YES;
				GCC_C_LANGUAGE_STANDARD = gnu99;
				GCC_DYNAMIC_NO_PIC = NO;
				GCC_NO_COMMON_BLOCKS = YES;
				GCC_OPTIMIZATION_LEVEL = 0;
				GCC_PREPROCESSOR_DEFINITIONS = (
					"DEBUG=1",
					"$(inherited)",
				);
				GCC_WARN_64_TO_32_BIT_CONVERSION = YES;
				GCC_WARN_ABOUT_RETURN_TYPE = YES_ERROR;
				GCC_WARN_UNDECLARED_SELECTOR = YES;
				GCC_WARN_UNINITIALIZED_AUTOS = YES_AGGRESSIVE;
				GCC_WARN_UNUSED_FUNCTION = YES;
				GCC_WARN_UNUSED_VARIABLE = YES;
				MACOSX_DEPLOYMENT_TARGET = 10.11;
				MTL_ENABLE_DEBUG_INFO = YES;
				ONLY_ACTIVE_ARCH = YES;
				SDKROOT = macosx;
			};
			name = Debug;
		};
		F8F28A5D1BD57B7200367249 /* Release */ = {
			isa = XCBuildConfiguration;
			buildSettings = {
				ALWAYS_SEARCH_USER_PATHS = NO;
				CLANG_CXX_LANGUAGE_STANDARD = "gnu++0x";
				CLANG_CXX_LIBRARY = "libc++";
				CLANG_ENABLE_MODULES = YES;
				CLANG_ENABLE_OBJC_ARC = YES;
				CLANG_WARN_BOOL_CONVERSION = YES;
				CLANG_WARN_CONSTANT_CONVERSION = YES;
				CLANG_WARN_DIRECT_OBJC_ISA_USAGE = YES_ERROR;
				CLANG_WARN_EMPTY_BODY = YES;
				CLANG_WARN_ENUM_CONVERSION = YES;
				CLANG_WARN_INT_CONVERSION = YES;
				CLANG_WARN_OBJC_ROOT_CLASS = YES_ERROR;
				CLANG_WARN_UNREACHABLE_CODE = YES;
				CLANG_WARN__DUPLICATE_METHOD_MATCH = YES;
				COPY_PHASE_STRIP = NO;
				DEBUG_INFORMATION_FORMAT = "dwarf-with-dsym";
				ENABLE_NS_ASSERTIONS = NO;
				ENABLE_STRICT_OBJC_MSGSEND = YES;
				GCC_C_LANGUAGE_STANDARD = gnu99;
				GCC_NO_COMMON_BLOCKS = YES;
				GCC_WARN_64_TO_32_BIT_CONVERSION = YES;
				GCC_WARN_ABOUT_RETURN_TYPE = YES_ERROR;
				GCC_WARN_UNDECLARED_SELECTOR = YES;
				GCC_WARN_UNINITIALIZED_AUTOS = YES_AGGRESSIVE;
				GCC_WARN_UNUSED_FUNCTION = YES;
				GCC_WARN_UNUSED_VARIABLE = YES;
				MACOSX_DEPLOYMENT_TARGET = 10.11;
				MTL_ENABLE_DEBUG_INFO = NO;
				SDKROOT = macosx;
			};
			name = Release;
		};
		F8F28A5F1BD57B7200367249 /* Debug */ = {
			isa = XCBuildConfiguration;
			buildSettings = {
				DYLIB_COMPATIBILITY_VERSION = 1;
				DYLIB_CURRENT_VERSION = 1;
				DYLIB_INSTALL_NAME_BASE = /;
				EXECUTABLE_PREFIX = "";
				HEADER_SEARCH_PATHS = (
					/usr/include/apache2,
					"/usr/include/apr-1",
				);
				OTHER_LDFLAGS = (
					"-undefined",
					dynamic_lookup,
				);
				PRODUCT_NAME = "$(TARGET_NAME)";
			};
			name = Debug;
		};
		F8F28A601BD57B7200367249 /* Release */ = {
			isa = XCBuildConfiguration;
			buildSettings = {
				DYLIB_COMPATIBILITY_VERSION = 1;
				DYLIB_CURRENT_VERSION = 1;
				DYLIB_INSTALL_NAME_BASE = /;
				EXECUTABLE_PREFIX = "";
				HEADER_SEARCH_PATHS = (
					/usr/include/apache2,
					"/usr/include/apr-1",
				);
				OTHER_LDFLAGS = (
					"-undefined",
					dynamic_lookup,
				);
				PRODUCT_NAME = "$(TARGET_NAME)";
			};
			name = Release;
		};
/* End XCBuildConfiguration section */

/* Begin XCConfigurationList section */
		F8F28A551BD57B7200367249 /* Build configuration list for PBXProject "mod_perfect" */ = {
			isa = XCConfigurationList;
			buildConfigurations = (
				F8F28A5C1BD57B7200367249 /* Debug */,
				F8F28A5D1BD57B7200367249 /* Release */,
			);
			defaultConfigurationIsVisible = 0;
			defaultConfigurationName = Release;
		};
		F8F28A5E1BD57B7200367249 /* Build configuration list for PBXNativeTarget "mod_perfect" */ = {
			isa = XCConfigurationList;
			buildConfigurations = (
				F8F28A5F1BD57B7200367249 /* Debug */,
				F8F28A601BD57B7200367249 /* Release */,
			);
			defaultConfigurationIsVisible = 0;
			defaultConfigurationName = Release;
		};
/* End XCConfigurationList section */
	};
	rootObject = F8F28A521BD57B7200367249 /* Project object */;
}
