// !$*UTF8*$!
{
	archiveVersion = 1;
	classes = {
	};
	objectVersion = 46;
	objects = {

/* Begin PBXBuildFile section */
		F84242261BD9675C001EFF66 /* PerfectLib.framework in Frameworks */ = {isa = PBXBuildFile; fileRef = F84242251BD9675C001EFF66 /* PerfectLib.framework */; };
		F84242291BD9691B001EFF66 /* main.swift in Sources */ = {isa = PBXBuildFile; fileRef = F84242281BD9691B001EFF66 /* main.swift */; };
/* End PBXBuildFile section */

/* Begin PBXCopyFilesBuildPhase section */
		F84242191BD966FC001EFF66 /* CopyFiles */ = {
			isa = PBXCopyFilesBuildPhase;
			buildActionMask = 2147483647;
			dstPath = /usr/share/man/man1/;
			dstSubfolderSpec = 0;
			files = (
			);
			runOnlyForDeploymentPostprocessing = 1;
		};
/* End PBXCopyFilesBuildPhase section */

/* Begin PBXFileReference section */
		F842421B1BD966FC001EFF66 /* perfectserver */ = {isa = PBXFileReference; explicitFileType = "compiled.mach-o.executable"; includeInIndex = 0; path = perfectserver; sourceTree = BUILT_PRODUCTS_DIR; };
		F84242251BD9675C001EFF66 /* PerfectLib.framework */ = {isa = PBXFileReference; lastKnownFileType = wrapper.framework; name = PerfectLib.framework; path = "../../../Library/Developer/Xcode/DerivedData/Perfect-bmsnkpplajpulvabysklkvgjzgsj/Build/Products/Debug/PerfectLib.framework"; sourceTree = "<group>"; };
		F84242281BD9691B001EFF66 /* main.swift */ = {isa = PBXFileReference; fileEncoding = 4; lastKnownFileType = sourcecode.swift; path = main.swift; sourceTree = SOURCE_ROOT; };
/* End PBXFileReference section */

/* Begin PBXFrameworksBuildPhase section */
		F84242181BD966FC001EFF66 /* Frameworks */ = {
			isa = PBXFrameworksBuildPhase;
			buildActionMask = 2147483647;
			files = (
				F84242261BD9675C001EFF66 /* PerfectLib.framework in Frameworks */,
			);
			runOnlyForDeploymentPostprocessing = 0;
		};
/* End PBXFrameworksBuildPhase section */

/* Begin PBXGroup section */
		F84242121BD966FC001EFF66 = {
			isa = PBXGroup;
			children = (
				F842421D1BD966FC001EFF66 /* PerfectServer */,
				F84242271BD96767001EFF66 /* Linked */,
				F842421C1BD966FC001EFF66 /* Products */,
			);
			sourceTree = "<group>";
		};
		F842421C1BD966FC001EFF66 /* Products */ = {
			isa = PBXGroup;
			children = (
				F842421B1BD966FC001EFF66 /* perfectserver */,
			);
			name = Products;
			sourceTree = "<group>";
		};
		F842421D1BD966FC001EFF66 /* PerfectServer */ = {
			isa = PBXGroup;
			children = (
				F84242281BD9691B001EFF66 /* main.swift */,
			);
			path = PerfectServer;
			sourceTree = "<group>";
		};
		F84242271BD96767001EFF66 /* Linked */ = {
			isa = PBXGroup;
			children = (
				F84242251BD9675C001EFF66 /* PerfectLib.framework */,
			);
			name = Linked;
			sourceTree = "<group>";
		};
/* End PBXGroup section */

/* Begin PBXNativeTarget section */
		F842421A1BD966FC001EFF66 /* PerfectServer */ = {
			isa = PBXNativeTarget;
			buildConfigurationList = F84242221BD966FC001EFF66 /* Build configuration list for PBXNativeTarget "PerfectServer" */;
			buildPhases = (
				F84242171BD966FC001EFF66 /* Sources */,
				F84242181BD966FC001EFF66 /* Frameworks */,
				F84242191BD966FC001EFF66 /* CopyFiles */,
			);
			buildRules = (
			);
			dependencies = (
			);
			name = PerfectServer;
			productName = PerfectServer;
			productReference = F842421B1BD966FC001EFF66 /* perfectserver */;
			productType = "com.apple.product-type.tool";
		};
/* End PBXNativeTarget section */

/* Begin PBXProject section */
		F84242131BD966FC001EFF66 /* Project object */ = {
			isa = PBXProject;
			attributes = {
				LastSwiftUpdateCheck = 0710;
				LastUpgradeCheck = 0710;
				ORGANIZATIONNAME = PerfectlySoft;
				TargetAttributes = {
					F842421A1BD966FC001EFF66 = {
						CreatedOnToolsVersion = 7.1;
					};
				};
			};
			buildConfigurationList = F84242161BD966FC001EFF66 /* Build configuration list for PBXProject "PerfectServer" */;
			compatibilityVersion = "Xcode 3.2";
			developmentRegion = English;
			hasScannedForEncodings = 0;
			knownRegions = (
				en,
			);
			mainGroup = F84242121BD966FC001EFF66;
			productRefGroup = F842421C1BD966FC001EFF66 /* Products */;
			projectDirPath = "";
			projectRoot = "";
			targets = (
				F842421A1BD966FC001EFF66 /* PerfectServer */,
			);
		};
/* End PBXProject section */

/* Begin PBXSourcesBuildPhase section */
		F84242171BD966FC001EFF66 /* Sources */ = {
			isa = PBXSourcesBuildPhase;
			buildActionMask = 2147483647;
			files = (
				F84242291BD9691B001EFF66 /* main.swift in Sources */,
			);
			runOnlyForDeploymentPostprocessing = 0;
		};
/* End PBXSourcesBuildPhase section */

/* Begin XCBuildConfiguration section */
		F84242201BD966FC001EFF66 /* Debug */ = {
			isa = XCBuildConfiguration;
			buildSettings = {
				ALWAYS_SEARCH_USER_PATHS = NO;
				CLANG_CXX_LANGUAGE_STANDARD = "gnu++0x";
				CLANG_CXX_LIBRARY = "libc++";
				CLANG_ENABLE_MODULES = YES;
				CLANG_ENABLE_OBJC_ARC = YES;
				CLANG_WARN_BOOL_CONVERSION = YES;
				CLANG_WARN_CONSTANT_CONVERSION = YES;
				CLANG_WARN_DIRECT_OBJC_ISA_USAGE = YES_ERROR;
				CLANG_WARN_EMPTY_BODY = YES;
				CLANG_WARN_ENUM_CONVERSION = YES;
				CLANG_WARN_INT_CONVERSION = YES;
				CLANG_WARN_OBJC_ROOT_CLASS = YES_ERROR;
				CLANG_WARN_UNREACHABLE_CODE = YES;
				CLANG_WARN__DUPLICATE_METHOD_MATCH = YES;
				CODE_SIGN_IDENTITY = "-";
				COPY_PHASE_STRIP = NO;
				DEBUG_INFORMATION_FORMAT = dwarf;
				ENABLE_STRICT_OBJC_MSGSEND = YES;
				ENABLE_TESTABILITY = YES;
				GCC_C_LANGUAGE_STANDARD = gnu99;
				GCC_DYNAMIC_NO_PIC = NO;
				GCC_NO_COMMON_BLOCKS = YES;
				GCC_OPTIMIZATION_LEVEL = 0;
				GCC_PREPROCESSOR_DEFINITIONS = (
					"DEBUG=1",
					"$(inherited)",
				);
				GCC_WARN_64_TO_32_BIT_CONVERSION = YES;
				GCC_WARN_ABOUT_RETURN_TYPE = YES_ERROR;
				GCC_WARN_UNDECLARED_SELECTOR = YES;
				GCC_WARN_UNINITIALIZED_AUTOS = YES_AGGRESSIVE;
				GCC_WARN_UNUSED_FUNCTION = YES;
				GCC_WARN_UNUSED_VARIABLE = YES;
				MACOSX_DEPLOYMENT_TARGET = 10.11;
				MTL_ENABLE_DEBUG_INFO = YES;
				ONLY_ACTIVE_ARCH = YES;
				SDKROOT = macosx;
				SWIFT_OPTIMIZATION_LEVEL = "-Onone";
			};
			name = Debug;
		};
		F84242211BD966FC001EFF66 /* Release */ = {
			isa = XCBuildConfiguration;
			buildSettings = {
				ALWAYS_SEARCH_USER_PATHS = NO;
				CLANG_CXX_LANGUAGE_STANDARD = "gnu++0x";
				CLANG_CXX_LIBRARY = "libc++";
				CLANG_ENABLE_MODULES = YES;
				CLANG_ENABLE_OBJC_ARC = YES;
				CLANG_WARN_BOOL_CONVERSION = YES;
				CLANG_WARN_CONSTANT_CONVERSION = YES;
				CLANG_WARN_DIRECT_OBJC_ISA_USAGE = YES_ERROR;
				CLANG_WARN_EMPTY_BODY = YES;
				CLANG_WARN_ENUM_CONVERSION = YES;
				CLANG_WARN_INT_CONVERSION = YES;
				CLANG_WARN_OBJC_ROOT_CLASS = YES_ERROR;
				CLANG_WARN_UNREACHABLE_CODE = YES;
				CLANG_WARN__DUPLICATE_METHOD_MATCH = YES;
				CODE_SIGN_IDENTITY = "-";
				COPY_PHASE_STRIP = NO;
				DEBUG_INFORMATION_FORMAT = "dwarf-with-dsym";
				ENABLE_NS_ASSERTIONS = NO;
				ENABLE_STRICT_OBJC_MSGSEND = YES;
				GCC_C_LANGUAGE_STANDARD = gnu99;
				GCC_NO_COMMON_BLOCKS = YES;
				GCC_WARN_64_TO_32_BIT_CONVERSION = YES;
				GCC_WARN_ABOUT_RETURN_TYPE = YES_ERROR;
				GCC_WARN_UNDECLARED_SELECTOR = YES;
				GCC_WARN_UNINITIALIZED_AUTOS = YES_AGGRESSIVE;
				GCC_WARN_UNUSED_FUNCTION = YES;
				GCC_WARN_UNUSED_VARIABLE = YES;
				MACOSX_DEPLOYMENT_TARGET = 10.11;
				MTL_ENABLE_DEBUG_INFO = NO;
				SDKROOT = macosx;
			};
			name = Release;
		};
		F84242231BD966FC001EFF66 /* Debug */ = {
			isa = XCBuildConfiguration;
			buildSettings = {
				CLANG_ENABLE_MODULES = YES;
				LD_RUNPATH_SEARCH_PATHS = "$(inherited) @executable_path/../Frameworks @loader_path/../Frameworks";
				PRODUCT_NAME = perfectserver;
				SWIFT_OPTIMIZATION_LEVEL = "-Onone";
			};
			name = Debug;
		};
		F84242241BD966FC001EFF66 /* Release */ = {
			isa = XCBuildConfiguration;
			buildSettings = {
				CLANG_ENABLE_MODULES = YES;
				LD_RUNPATH_SEARCH_PATHS = "$(inherited) @executable_path/../Frameworks @loader_path/../Frameworks";
				PRODUCT_NAME = perfectserver;
			};
			name = Release;
		};
/* End XCBuildConfiguration section */

/* Begin XCConfigurationList section */
		F84242161BD966FC001EFF66 /* Build configuration list for PBXProject "PerfectServer" */ = {
			isa = XCConfigurationList;
			buildConfigurations = (
				F84242201BD966FC001EFF66 /* Debug */,
				F84242211BD966FC001EFF66 /* Release */,
			);
			defaultConfigurationIsVisible = 0;
			defaultConfigurationName = Release;
		};
		F84242221BD966FC001EFF66 /* Build configuration list for PBXNativeTarget "PerfectServer" */ = {
			isa = XCConfigurationList;
			buildConfigurations = (
				F84242231BD966FC001EFF66 /* Debug */,
				F84242241BD966FC001EFF66 /* Release */,
			);
			defaultConfigurationIsVisible = 0;
			defaultConfigurationName = Release;
		};
/* End XCConfigurationList section */
	};
	rootObject = F84242131BD966FC001EFF66 /* Project object */;
}
