// !$*UTF8*$!
{
	archiveVersion = 1;
	classes = {
	};
	objectVersion = 46;
	objects = {

/* Begin PBXBuildFile section */
		D8E865791C14709000730D32 /* WindowController.swift in Sources */ = {isa = PBXBuildFile; fileRef = D8E865781C14709000730D32 /* WindowController.swift */; };
		F84242261BD9675C001EFF66 /* PerfectLib.framework in Frameworks */ = {isa = PBXBuildFile; fileRef = F84242251BD9675C001EFF66 /* PerfectLib.framework */; };
		F84242291BD9691B001EFF66 /* main_fcgi.swift in Sources */ = {isa = PBXBuildFile; fileRef = F84242281BD9691B001EFF66 /* main_fcgi.swift */; };
		F86BED0B1C3EEAC40063C5A6 /* PerfectLib.framework in Frameworks */ = {isa = PBXBuildFile; fileRef = F86BED0A1C3EEAC40063C5A6 /* PerfectLib.framework */; };
		F88B06841BDD48DD001FD0CD /* AppDelegate.swift in Sources */ = {isa = PBXBuildFile; fileRef = F88B06831BDD48DD001FD0CD /* AppDelegate.swift */; };
		F88B06861BDD48DD001FD0CD /* ViewController.swift in Sources */ = {isa = PBXBuildFile; fileRef = F88B06851BDD48DD001FD0CD /* ViewController.swift */; };
		F88B06881BDD48DD001FD0CD /* Assets.xcassets in Resources */ = {isa = PBXBuildFile; fileRef = F88B06871BDD48DD001FD0CD /* Assets.xcassets */; };
		F88B068B1BDD48DD001FD0CD /* Main.storyboard in Resources */ = {isa = PBXBuildFile; fileRef = F88B06891BDD48DD001FD0CD /* Main.storyboard */; };
		F88B06901BDD49B1001FD0CD /* PerfectLib.framework in Frameworks */ = {isa = PBXBuildFile; fileRef = F84242251BD9675C001EFF66 /* PerfectLib.framework */; };
		F8E752E71BDA8ADB00BFC36A /* main_http.swift in Sources */ = {isa = PBXBuildFile; fileRef = F8E752E61BDA8ADB00BFC36A /* main_http.swift */; };
		F8E752E91BDA944000BFC36A /* main.swift in Sources */ = {isa = PBXBuildFile; fileRef = F8E752E81BDA944000BFC36A /* main.swift */; };
		F8E752EA1BDA944000BFC36A /* main.swift in Sources */ = {isa = PBXBuildFile; fileRef = F8E752E81BDA944000BFC36A /* main.swift */; };
/* End PBXBuildFile section */

/* Begin PBXCopyFilesBuildPhase section */
		F84242191BD966FC001EFF66 /* CopyFiles */ = {
			isa = PBXCopyFilesBuildPhase;
			buildActionMask = 2147483647;
			dstPath = /usr/share/man/man1/;
			dstSubfolderSpec = 0;
			files = (
			);
			runOnlyForDeploymentPostprocessing = 1;
		};
		F8E752DD1BDA8A7600BFC36A /* CopyFiles */ = {
			isa = PBXCopyFilesBuildPhase;
			buildActionMask = 2147483647;
			dstPath = /usr/share/man/man1/;
			dstSubfolderSpec = 0;
			files = (
			);
			runOnlyForDeploymentPostprocessing = 1;
		};
/* End PBXCopyFilesBuildPhase section */

/* Begin PBXFileReference section */
		D8E865781C14709000730D32 /* WindowController.swift */ = {isa = PBXFileReference; fileEncoding = 4; lastKnownFileType = sourcecode.swift; path = WindowController.swift; sourceTree = "<group>"; };
		F842421B1BD966FC001EFF66 /* perfectserverfcgi */ = {isa = PBXFileReference; explicitFileType = "compiled.mach-o.executable"; includeInIndex = 0; path = perfectserverfcgi; sourceTree = BUILT_PRODUCTS_DIR; };
		F84242251BD9675C001EFF66 /* PerfectLib.framework */ = {isa = PBXFileReference; lastKnownFileType = wrapper.framework; name = PerfectLib.framework; path = "../../../Library/Developer/Xcode/DerivedData/Perfect-bmsnkpplajpulvabysklkvgjzgsj/Build/Products/Debug/PerfectLib.framework"; sourceTree = "<group>"; };
		F84242281BD9691B001EFF66 /* main_fcgi.swift */ = {isa = PBXFileReference; fileEncoding = 4; lastKnownFileType = sourcecode.swift; path = main_fcgi.swift; sourceTree = SOURCE_ROOT; };
		F86BED0A1C3EEAC40063C5A6 /* PerfectLib.framework */ = {isa = PBXFileReference; lastKnownFileType = wrapper.framework; name = PerfectLib.framework; path = "../../../Library/Developer/Xcode/DerivedData/Examples-ebfeivyuaxcjnrhcezzfamsblphw/Build/Products/Debug/PerfectLib.framework"; sourceTree = "<group>"; };
		F88B06811BDD48DD001FD0CD /* PerfectServer HTTP.app */ = {isa = PBXFileReference; explicitFileType = wrapper.application; includeInIndex = 0; path = "PerfectServer HTTP.app"; sourceTree = BUILT_PRODUCTS_DIR; };
		F88B06831BDD48DD001FD0CD /* AppDelegate.swift */ = {isa = PBXFileReference; lastKnownFileType = sourcecode.swift; path = AppDelegate.swift; sourceTree = "<group>"; };
		F88B06851BDD48DD001FD0CD /* ViewController.swift */ = {isa = PBXFileReference; lastKnownFileType = sourcecode.swift; path = ViewController.swift; sourceTree = "<group>"; };
		F88B06871BDD48DD001FD0CD /* Assets.xcassets */ = {isa = PBXFileReference; lastKnownFileType = folder.assetcatalog; path = Assets.xcassets; sourceTree = "<group>"; };
		F88B068A1BDD48DD001FD0CD /* Base */ = {isa = PBXFileReference; lastKnownFileType = file.storyboard; name = Base; path = Base.lproj/Main.storyboard; sourceTree = "<group>"; };
		F88B068C1BDD48DD001FD0CD /* Info.plist */ = {isa = PBXFileReference; lastKnownFileType = text.plist.xml; path = Info.plist; sourceTree = "<group>"; };
		F8E752DF1BDA8A7600BFC36A /* perfectserverhttp */ = {isa = PBXFileReference; explicitFileType = "compiled.mach-o.executable"; includeInIndex = 0; path = perfectserverhttp; sourceTree = BUILT_PRODUCTS_DIR; };
		F8E752E61BDA8ADB00BFC36A /* main_http.swift */ = {isa = PBXFileReference; fileEncoding = 4; lastKnownFileType = sourcecode.swift; path = main_http.swift; sourceTree = SOURCE_ROOT; };
		F8E752E81BDA944000BFC36A /* main.swift */ = {isa = PBXFileReference; fileEncoding = 4; lastKnownFileType = sourcecode.swift; path = main.swift; sourceTree = SOURCE_ROOT; };
/* End PBXFileReference section */

/* Begin PBXFrameworksBuildPhase section */
		F84242181BD966FC001EFF66 /* Frameworks */ = {
			isa = PBXFrameworksBuildPhase;
			buildActionMask = 2147483647;
			files = (
				F84242261BD9675C001EFF66 /* PerfectLib.framework in Frameworks */,
			);
			runOnlyForDeploymentPostprocessing = 0;
		};
		F88B067E1BDD48DD001FD0CD /* Frameworks */ = {
			isa = PBXFrameworksBuildPhase;
			buildActionMask = 2147483647;
			files = (
				F88B06901BDD49B1001FD0CD /* PerfectLib.framework in Frameworks */,
			);
			runOnlyForDeploymentPostprocessing = 0;
		};
		F8E752DC1BDA8A7600BFC36A /* Frameworks */ = {
			isa = PBXFrameworksBuildPhase;
			buildActionMask = 2147483647;
			files = (
				F86BED0B1C3EEAC40063C5A6 /* PerfectLib.framework in Frameworks */,
			);
			runOnlyForDeploymentPostprocessing = 0;
		};
/* End PBXFrameworksBuildPhase section */

/* Begin PBXGroup section */
		F84242121BD966FC001EFF66 = {
			isa = PBXGroup;
			children = (
				F842421D1BD966FC001EFF66 /* PerfectServer */,
				F88B06821BDD48DD001FD0CD /* PerfectServerHTTPApp */,
				F84242271BD96767001EFF66 /* Linked */,
				F842421C1BD966FC001EFF66 /* Products */,
			);
			sourceTree = "<group>";
		};
		F842421C1BD966FC001EFF66 /* Products */ = {
			isa = PBXGroup;
			children = (
				F842421B1BD966FC001EFF66 /* perfectserverfcgi */,
				F8E752DF1BDA8A7600BFC36A /* perfectserverhttp */,
				F88B06811BDD48DD001FD0CD /* PerfectServer HTTP.app */,
			);
			name = Products;
			sourceTree = "<group>";
		};
		F842421D1BD966FC001EFF66 /* PerfectServer */ = {
			isa = PBXGroup;
			children = (
				F8E752E81BDA944000BFC36A /* main.swift */,
				F84242281BD9691B001EFF66 /* main_fcgi.swift */,
				F8E752E61BDA8ADB00BFC36A /* main_http.swift */,
			);
			path = PerfectServer;
			sourceTree = "<group>";
		};
		F84242271BD96767001EFF66 /* Linked */ = {
			isa = PBXGroup;
			children = (
				F86BED0A1C3EEAC40063C5A6 /* PerfectLib.framework */,
				F84242251BD9675C001EFF66 /* PerfectLib.framework */,
			);
			name = Linked;
			sourceTree = "<group>";
		};
		F88B06821BDD48DD001FD0CD /* PerfectServerHTTPApp */ = {
			isa = PBXGroup;
			children = (
				F88B06831BDD48DD001FD0CD /* AppDelegate.swift */,
				F88B06851BDD48DD001FD0CD /* ViewController.swift */,
				D8E865781C14709000730D32 /* WindowController.swift */,
				F88B06871BDD48DD001FD0CD /* Assets.xcassets */,
				F88B06891BDD48DD001FD0CD /* Main.storyboard */,
				F88B068C1BDD48DD001FD0CD /* Info.plist */,
			);
			path = PerfectServerHTTPApp;
			sourceTree = "<group>";
		};
/* End PBXGroup section */

/* Begin PBXNativeTarget section */
		F842421A1BD966FC001EFF66 /* PerfectServer FastCGI */ = {
			isa = PBXNativeTarget;
			buildConfigurationList = F84242221BD966FC001EFF66 /* Build configuration list for PBXNativeTarget "PerfectServer FastCGI" */;
			buildPhases = (
				F84242171BD966FC001EFF66 /* Sources */,
				F84242181BD966FC001EFF66 /* Frameworks */,
				F84242191BD966FC001EFF66 /* CopyFiles */,
			);
			buildRules = (
			);
			dependencies = (
			);
			name = "PerfectServer FastCGI";
			productName = PerfectServer;
			productReference = F842421B1BD966FC001EFF66 /* perfectserverfcgi */;
			productType = "com.apple.product-type.tool";
		};
		F88B06801BDD48DD001FD0CD /* PerfectServer HTTP App */ = {
			isa = PBXNativeTarget;
			buildConfigurationList = F88B068F1BDD48DD001FD0CD /* Build configuration list for PBXNativeTarget "PerfectServer HTTP App" */;
			buildPhases = (
				F88B067D1BDD48DD001FD0CD /* Sources */,
				F88B067E1BDD48DD001FD0CD /* Frameworks */,
				F88B067F1BDD48DD001FD0CD /* Resources */,
			);
			buildRules = (
			);
			dependencies = (
			);
			name = "PerfectServer HTTP App";
			productName = PerfectServerHTTPApp;
			productReference = F88B06811BDD48DD001FD0CD /* PerfectServer HTTP.app */;
			productType = "com.apple.product-type.application";
		};
		F8E752DE1BDA8A7600BFC36A /* PerfectServer HTTP */ = {
			isa = PBXNativeTarget;
			buildConfigurationList = F8E752E31BDA8A7600BFC36A /* Build configuration list for PBXNativeTarget "PerfectServer HTTP" */;
			buildPhases = (
				F8E752DB1BDA8A7600BFC36A /* Sources */,
				F8E752DC1BDA8A7600BFC36A /* Frameworks */,
				F8E752DD1BDA8A7600BFC36A /* CopyFiles */,
			);
			buildRules = (
			);
			dependencies = (
			);
			name = "PerfectServer HTTP";
			productName = PerfectServerHTTP;
			productReference = F8E752DF1BDA8A7600BFC36A /* perfectserverhttp */;
			productType = "com.apple.product-type.tool";
		};
/* End PBXNativeTarget section */

/* Begin PBXProject section */
		F84242131BD966FC001EFF66 /* Project object */ = {
			isa = PBXProject;
			attributes = {
				LastSwiftUpdateCheck = 0710;
				LastUpgradeCheck = 0710;
				ORGANIZATIONNAME = PerfectlySoft;
				TargetAttributes = {
					F842421A1BD966FC001EFF66 = {
						CreatedOnToolsVersion = 7.1;
					};
					F88B06801BDD48DD001FD0CD = {
						CreatedOnToolsVersion = 7.1;
					};
					F8E752DE1BDA8A7600BFC36A = {
						CreatedOnToolsVersion = 7.1;
					};
				};
			};
			buildConfigurationList = F84242161BD966FC001EFF66 /* Build configuration list for PBXProject "PerfectServer" */;
			compatibilityVersion = "Xcode 3.2";
			developmentRegion = English;
			hasScannedForEncodings = 0;
			knownRegions = (
				en,
				Base,
			);
			mainGroup = F84242121BD966FC001EFF66;
			productRefGroup = F842421C1BD966FC001EFF66 /* Products */;
			projectDirPath = "";
			projectRoot = "";
			targets = (
				F842421A1BD966FC001EFF66 /* PerfectServer FastCGI */,
				F8E752DE1BDA8A7600BFC36A /* PerfectServer HTTP */,
				F88B06801BDD48DD001FD0CD /* PerfectServer HTTP App */,
			);
		};
/* End PBXProject section */

/* Begin PBXResourcesBuildPhase section */
		F88B067F1BDD48DD001FD0CD /* Resources */ = {
			isa = PBXResourcesBuildPhase;
			buildActionMask = 2147483647;
			files = (
				F88B06881BDD48DD001FD0CD /* Assets.xcassets in Resources */,
				F88B068B1BDD48DD001FD0CD /* Main.storyboard in Resources */,
			);
			runOnlyForDeploymentPostprocessing = 0;
		};
/* End PBXResourcesBuildPhase section */

/* Begin PBXSourcesBuildPhase section */
		F84242171BD966FC001EFF66 /* Sources */ = {
			isa = PBXSourcesBuildPhase;
			buildActionMask = 2147483647;
			files = (
				F8E752E91BDA944000BFC36A /* main.swift in Sources */,
				F84242291BD9691B001EFF66 /* main_fcgi.swift in Sources */,
			);
			runOnlyForDeploymentPostprocessing = 0;
		};
		F88B067D1BDD48DD001FD0CD /* Sources */ = {
			isa = PBXSourcesBuildPhase;
			buildActionMask = 2147483647;
			files = (
				F88B06861BDD48DD001FD0CD /* ViewController.swift in Sources */,
				D8E865791C14709000730D32 /* WindowController.swift in Sources */,
				F88B06841BDD48DD001FD0CD /* AppDelegate.swift in Sources */,
			);
			runOnlyForDeploymentPostprocessing = 0;
		};
		F8E752DB1BDA8A7600BFC36A /* Sources */ = {
			isa = PBXSourcesBuildPhase;
			buildActionMask = 2147483647;
			files = (
				F8E752E71BDA8ADB00BFC36A /* main_http.swift in Sources */,
				F8E752EA1BDA944000BFC36A /* main.swift in Sources */,
			);
			runOnlyForDeploymentPostprocessing = 0;
		};
/* End PBXSourcesBuildPhase section */

/* Begin PBXVariantGroup section */
		F88B06891BDD48DD001FD0CD /* Main.storyboard */ = {
			isa = PBXVariantGroup;
			children = (
				F88B068A1BDD48DD001FD0CD /* Base */,
			);
			name = Main.storyboard;
			sourceTree = "<group>";
		};
/* End PBXVariantGroup section */

/* Begin XCBuildConfiguration section */
		F84242201BD966FC001EFF66 /* Debug */ = {
			isa = XCBuildConfiguration;
			buildSettings = {
				ALWAYS_SEARCH_USER_PATHS = NO;
				CLANG_CXX_LANGUAGE_STANDARD = "gnu++0x";
				CLANG_CXX_LIBRARY = "libc++";
				CLANG_ENABLE_MODULES = YES;
				CLANG_ENABLE_OBJC_ARC = YES;
				CLANG_WARN_BOOL_CONVERSION = YES;
				CLANG_WARN_CONSTANT_CONVERSION = YES;
				CLANG_WARN_DIRECT_OBJC_ISA_USAGE = YES_ERROR;
				CLANG_WARN_EMPTY_BODY = YES;
				CLANG_WARN_ENUM_CONVERSION = YES;
				CLANG_WARN_INT_CONVERSION = YES;
				CLANG_WARN_OBJC_ROOT_CLASS = YES_ERROR;
				CLANG_WARN_UNREACHABLE_CODE = YES;
				CLANG_WARN__DUPLICATE_METHOD_MATCH = YES;
				CODE_SIGN_IDENTITY = "-";
				COPY_PHASE_STRIP = NO;
				DEBUG_INFORMATION_FORMAT = dwarf;
				ENABLE_STRICT_OBJC_MSGSEND = YES;
				ENABLE_TESTABILITY = YES;
				GCC_C_LANGUAGE_STANDARD = gnu99;
				GCC_DYNAMIC_NO_PIC = NO;
				GCC_NO_COMMON_BLOCKS = YES;
				GCC_OPTIMIZATION_LEVEL = 0;
				GCC_PREPROCESSOR_DEFINITIONS = (
					"DEBUG=1",
					"$(inherited)",
				);
				GCC_WARN_64_TO_32_BIT_CONVERSION = YES;
				GCC_WARN_ABOUT_RETURN_TYPE = YES_ERROR;
				GCC_WARN_UNDECLARED_SELECTOR = YES;
				GCC_WARN_UNINITIALIZED_AUTOS = YES_AGGRESSIVE;
				GCC_WARN_UNUSED_FUNCTION = YES;
				GCC_WARN_UNUSED_VARIABLE = YES;
				MACOSX_DEPLOYMENT_TARGET = 10.11;
				MTL_ENABLE_DEBUG_INFO = YES;
				ONLY_ACTIVE_ARCH = YES;
				SDKROOT = macosx;
				SWIFT_OPTIMIZATION_LEVEL = "-Onone";
			};
			name = Debug;
		};
		F84242211BD966FC001EFF66 /* Release */ = {
			isa = XCBuildConfiguration;
			buildSettings = {
				ALWAYS_SEARCH_USER_PATHS = NO;
				CLANG_CXX_LANGUAGE_STANDARD = "gnu++0x";
				CLANG_CXX_LIBRARY = "libc++";
				CLANG_ENABLE_MODULES = YES;
				CLANG_ENABLE_OBJC_ARC = YES;
				CLANG_WARN_BOOL_CONVERSION = YES;
				CLANG_WARN_CONSTANT_CONVERSION = YES;
				CLANG_WARN_DIRECT_OBJC_ISA_USAGE = YES_ERROR;
				CLANG_WARN_EMPTY_BODY = YES;
				CLANG_WARN_ENUM_CONVERSION = YES;
				CLANG_WARN_INT_CONVERSION = YES;
				CLANG_WARN_OBJC_ROOT_CLASS = YES_ERROR;
				CLANG_WARN_UNREACHABLE_CODE = YES;
				CLANG_WARN__DUPLICATE_METHOD_MATCH = YES;
				CODE_SIGN_IDENTITY = "-";
				COPY_PHASE_STRIP = NO;
				DEBUG_INFORMATION_FORMAT = "dwarf-with-dsym";
				ENABLE_NS_ASSERTIONS = NO;
				ENABLE_STRICT_OBJC_MSGSEND = YES;
				GCC_C_LANGUAGE_STANDARD = gnu99;
				GCC_NO_COMMON_BLOCKS = YES;
				GCC_WARN_64_TO_32_BIT_CONVERSION = YES;
				GCC_WARN_ABOUT_RETURN_TYPE = YES_ERROR;
				GCC_WARN_UNDECLARED_SELECTOR = YES;
				GCC_WARN_UNINITIALIZED_AUTOS = YES_AGGRESSIVE;
				GCC_WARN_UNUSED_FUNCTION = YES;
				GCC_WARN_UNUSED_VARIABLE = YES;
				MACOSX_DEPLOYMENT_TARGET = 10.11;
				MTL_ENABLE_DEBUG_INFO = NO;
				SDKROOT = macosx;
			};
			name = Release;
		};
		F84242231BD966FC001EFF66 /* Debug */ = {
			isa = XCBuildConfiguration;
			buildSettings = {
				CLANG_ENABLE_MODULES = YES;
				DEFINES_MODULE = YES;
				LD_RUNPATH_SEARCH_PATHS = "$(inherited) @executable_path/../Frameworks @loader_path/../Frameworks";
				PRODUCT_NAME = perfectserverfcgi;
				SWIFT_OPTIMIZATION_LEVEL = "-Onone";
			};
			name = Debug;
		};
		F84242241BD966FC001EFF66 /* Release */ = {
			isa = XCBuildConfiguration;
			buildSettings = {
				CLANG_ENABLE_MODULES = YES;
				DEFINES_MODULE = YES;
				LD_RUNPATH_SEARCH_PATHS = "$(inherited) @executable_path/../Frameworks @loader_path/../Frameworks";
				PRODUCT_NAME = perfectserverfcgi;
			};
			name = Release;
		};
		F88B068D1BDD48DD001FD0CD /* Debug */ = {
			isa = XCBuildConfiguration;
			buildSettings = {
				ASSETCATALOG_COMPILER_APPICON_NAME = AppIcon;
				COMBINE_HIDPI_IMAGES = YES;
				INFOPLIST_FILE = PerfectServerHTTPApp/Info.plist;
				LD_RUNPATH_SEARCH_PATHS = "$(inherited) @executable_path/../Frameworks";
				MACOSX_DEPLOYMENT_TARGET = 10.11;
				PRODUCT_BUNDLE_IDENTIFIER = ca.perfectlysoft.PerfectServerHTTPApp;
				PRODUCT_NAME = "PerfectServer HTTP";
			};
			name = Debug;
		};
		F88B068E1BDD48DD001FD0CD /* Release */ = {
			isa = XCBuildConfiguration;
			buildSettings = {
				ASSETCATALOG_COMPILER_APPICON_NAME = AppIcon;
				COMBINE_HIDPI_IMAGES = YES;
				INFOPLIST_FILE = PerfectServerHTTPApp/Info.plist;
				LD_RUNPATH_SEARCH_PATHS = "$(inherited) @executable_path/../Frameworks";
				MACOSX_DEPLOYMENT_TARGET = 10.11;
				PRODUCT_BUNDLE_IDENTIFIER = ca.perfectlysoft.PerfectServerHTTPApp;
				PRODUCT_NAME = "PerfectServer HTTP";
			};
			name = Release;
		};
		F8E752E41BDA8A7600BFC36A /* Debug */ = {
			isa = XCBuildConfiguration;
			buildSettings = {
				DEFINES_MODULE = YES;
				PRODUCT_NAME = perfectserverhttp;
			};
			name = Debug;
		};
		F8E752E51BDA8A7600BFC36A /* Release */ = {
			isa = XCBuildConfiguration;
			buildSettings = {
				DEFINES_MODULE = YES;
				PRODUCT_NAME = perfectserverhttp;
			};
			name = Release;
		};
/* End XCBuildConfiguration section */

/* Begin XCConfigurationList section */
		F84242161BD966FC001EFF66 /* Build configuration list for PBXProject "PerfectServer" */ = {
			isa = XCConfigurationList;
			buildConfigurations = (
				F84242201BD966FC001EFF66 /* Debug */,
				F84242211BD966FC001EFF66 /* Release */,
			);
			defaultConfigurationIsVisible = 0;
			defaultConfigurationName = Release;
		};
		F84242221BD966FC001EFF66 /* Build configuration list for PBXNativeTarget "PerfectServer FastCGI" */ = {
			isa = XCConfigurationList;
			buildConfigurations = (
				F84242231BD966FC001EFF66 /* Debug */,
				F84242241BD966FC001EFF66 /* Release */,
			);
			defaultConfigurationIsVisible = 0;
			defaultConfigurationName = Release;
		};
		F88B068F1BDD48DD001FD0CD /* Build configuration list for PBXNativeTarget "PerfectServer HTTP App" */ = {
			isa = XCConfigurationList;
			buildConfigurations = (
				F88B068D1BDD48DD001FD0CD /* Debug */,
				F88B068E1BDD48DD001FD0CD /* Release */,
			);
			defaultConfigurationIsVisible = 0;
			defaultConfigurationName = Release;
		};
		F8E752E31BDA8A7600BFC36A /* Build configuration list for PBXNativeTarget "PerfectServer HTTP" */ = {
			isa = XCConfigurationList;
			buildConfigurations = (
				F8E752E41BDA8A7600BFC36A /* Debug */,
				F8E752E51BDA8A7600BFC36A /* Release */,
			);
			defaultConfigurationIsVisible = 0;
			defaultConfigurationName = Release;
		};
/* End XCConfigurationList section */
	};
	rootObject = F84242131BD966FC001EFF66 /* Project object */;
}
