// !$*UTF8*$!
{
	archiveVersion = 1;
	classes = {
	};
	objectVersion = 46;
	objects = {

/* Begin PBXBuildFile section */
		F86BED0D1C3EEB390063C5A6 /* PerfectLib.framework in Frameworks */ = {isa = PBXBuildFile; fileRef = F86BED0C1C3EEB390063C5A6 /* PerfectLib.framework */; };
		F8933C4A1C3D97E10048EFE9 /* WebSockets Server.h in Headers */ = {isa = PBXBuildFile; fileRef = F8933C491C3D97E10048EFE9 /* WebSockets Server.h */; settings = {ATTRIBUTES = (Public, ); }; };
		F8933C4E1C3D97E10048EFE9 /* PerfectHandlers.swift in Sources */ = {isa = PBXBuildFile; fileRef = F8933C4D1C3D97E10048EFE9 /* PerfectHandlers.swift */; };
		F8933C581C3DC3390048EFE9 /* index.html in CopyFiles */ = {isa = PBXBuildFile; fileRef = F8933C4B1C3D97E10048EFE9 /* index.html */; };
/* End PBXBuildFile section */

/* Begin PBXCopyFilesBuildPhase section */
		F8933C571C3DC32A0048EFE9 /* CopyFiles */ = {
			isa = PBXCopyFilesBuildPhase;
			buildActionMask = 2147483647;
			dstPath = webroot;
			dstSubfolderSpec = 16;
			files = (
				F8933C581C3DC3390048EFE9 /* index.html in CopyFiles */,
			);
			runOnlyForDeploymentPostprocessing = 0;
		};
/* End PBXCopyFilesBuildPhase section */

/* Begin PBXFileReference section */
		F86BED0C1C3EEB390063C5A6 /* PerfectLib.framework */ = {isa = PBXFileReference; lastKnownFileType = wrapper.framework; name = PerfectLib.framework; path = "../../../../Library/Developer/Xcode/DerivedData/Examples-ebfeivyuaxcjnrhcezzfamsblphw/Build/Products/Debug/PerfectLib.framework"; sourceTree = "<group>"; };
		F8933C461C3D97E10048EFE9 /* WebSockets Server.framework */ = {isa = PBXFileReference; explicitFileType = wrapper.framework; includeInIndex = 0; path = "WebSockets Server.framework"; sourceTree = BUILT_PRODUCTS_DIR; };
		F8933C491C3D97E10048EFE9 /* WebSockets Server.h */ = {isa = PBXFileReference; lastKnownFileType = sourcecode.c.h; path = "WebSockets Server.h"; sourceTree = "<group>"; };
		F8933C4B1C3D97E10048EFE9 /* index.html */ = {isa = PBXFileReference; lastKnownFileType = text.html; path = index.html; sourceTree = "<group>"; };
		F8933C4D1C3D97E10048EFE9 /* PerfectHandlers.swift */ = {isa = PBXFileReference; lastKnownFileType = sourcecode.swift; path = PerfectHandlers.swift; sourceTree = "<group>"; };
		F8933C4F1C3D97E10048EFE9 /* Info.plist */ = {isa = PBXFileReference; lastKnownFileType = text.plist.xml; path = Info.plist; sourceTree = "<group>"; };
/* End PBXFileReference section */

/* Begin PBXFrameworksBuildPhase section */
		F8933C421C3D97E10048EFE9 /* Frameworks */ = {
			isa = PBXFrameworksBuildPhase;
			buildActionMask = 2147483647;
			files = (
				F86BED0D1C3EEB390063C5A6 /* PerfectLib.framework in Frameworks */,
			);
			runOnlyForDeploymentPostprocessing = 0;
		};
/* End PBXFrameworksBuildPhase section */

/* Begin PBXGroup section */
		F86BED0E1C3EEBC40063C5A6 /* Linked */ = {
			isa = PBXGroup;
			children = (
				F86BED0C1C3EEB390063C5A6 /* PerfectLib.framework */,
			);
			name = Linked;
			sourceTree = "<group>";
		};
		F8933C3C1C3D97E10048EFE9 = {
			isa = PBXGroup;
			children = (
				F8933C481C3D97E10048EFE9 /* WebSockets Server */,
				F86BED0E1C3EEBC40063C5A6 /* Linked */,
				F8933C471C3D97E10048EFE9 /* Products */,
			);
			sourceTree = "<group>";
		};
		F8933C471C3D97E10048EFE9 /* Products */ = {
			isa = PBXGroup;
			children = (
				F8933C461C3D97E10048EFE9 /* WebSockets Server.framework */,
			);
			name = Products;
			sourceTree = "<group>";
		};
		F8933C481C3D97E10048EFE9 /* WebSockets Server */ = {
			isa = PBXGroup;
			children = (
				F8933C491C3D97E10048EFE9 /* WebSockets Server.h */,
				F8933C4B1C3D97E10048EFE9 /* index.html */,
				F8933C4D1C3D97E10048EFE9 /* PerfectHandlers.swift */,
				F8933C4F1C3D97E10048EFE9 /* Info.plist */,
			);
			path = "WebSockets Server";
			sourceTree = "<group>";
		};
/* End PBXGroup section */

/* Begin PBXHeadersBuildPhase section */
		F8933C431C3D97E10048EFE9 /* Headers */ = {
			isa = PBXHeadersBuildPhase;
			buildActionMask = 2147483647;
			files = (
				F8933C4A1C3D97E10048EFE9 /* WebSockets Server.h in Headers */,
			);
			runOnlyForDeploymentPostprocessing = 0;
		};
/* End PBXHeadersBuildPhase section */

/* Begin PBXNativeTarget section */
		F8933C451C3D97E10048EFE9 /* WebSockets Server */ = {
			isa = PBXNativeTarget;
			buildConfigurationList = F8933C521C3D97E10048EFE9 /* Build configuration list for PBXNativeTarget "WebSockets Server" */;
			buildPhases = (
				F8933C411C3D97E10048EFE9 /* Sources */,
				F8933C421C3D97E10048EFE9 /* Frameworks */,
				F8933C431C3D97E10048EFE9 /* Headers */,
				F8933C441C3D97E10048EFE9 /* Resources */,
				F8933C571C3DC32A0048EFE9 /* CopyFiles */,
			);
			buildRules = (
			);
			dependencies = (
			);
			name = "WebSockets Server";
			productName = "WebSockets Server";
			productReference = F8933C461C3D97E10048EFE9 /* WebSockets Server.framework */;
			productType = "com.apple.product-type.framework";
		};
/* End PBXNativeTarget section */

/* Begin PBXProject section */
		F8933C3D1C3D97E10048EFE9 /* Project object */ = {
			isa = PBXProject;
			attributes = {
				LastSwiftUpdateCheck = 0720;
				LastUpgradeCheck = 0720;
				ORGANIZATIONNAME = PerfectlySoft;
				TargetAttributes = {
					F8933C451C3D97E10048EFE9 = {
						CreatedOnToolsVersion = 7.2;
					};
				};
			};
			buildConfigurationList = F8933C401C3D97E10048EFE9 /* Build configuration list for PBXProject "WebSockets Server" */;
			compatibilityVersion = "Xcode 3.2";
			developmentRegion = English;
			hasScannedForEncodings = 0;
			knownRegions = (
				en,
			);
			mainGroup = F8933C3C1C3D97E10048EFE9;
			productRefGroup = F8933C471C3D97E10048EFE9 /* Products */;
			projectDirPath = "";
			projectRoot = "";
			targets = (
				F8933C451C3D97E10048EFE9 /* WebSockets Server */,
			);
		};
/* End PBXProject section */

/* Begin PBXResourcesBuildPhase section */
		F8933C441C3D97E10048EFE9 /* Resources */ = {
			isa = PBXResourcesBuildPhase;
			buildActionMask = 2147483647;
			files = (
			);
			runOnlyForDeploymentPostprocessing = 0;
		};
/* End PBXResourcesBuildPhase section */

/* Begin PBXSourcesBuildPhase section */
		F8933C411C3D97E10048EFE9 /* Sources */ = {
			isa = PBXSourcesBuildPhase;
			buildActionMask = 2147483647;
			files = (
				F8933C4E1C3D97E10048EFE9 /* PerfectHandlers.swift in Sources */,
			);
			runOnlyForDeploymentPostprocessing = 0;
		};
/* End PBXSourcesBuildPhase section */

/* Begin XCBuildConfiguration section */
		F8933C501C3D97E10048EFE9 /* Debug */ = {
			isa = XCBuildConfiguration;
			buildSettings = {
				ALWAYS_SEARCH_USER_PATHS = NO;
				CLANG_CXX_LANGUAGE_STANDARD = "gnu++0x";
				CLANG_CXX_LIBRARY = "libc++";
				CLANG_ENABLE_MODULES = YES;
				CLANG_ENABLE_OBJC_ARC = YES;
				CLANG_WARN_BOOL_CONVERSION = YES;
				CLANG_WARN_CONSTANT_CONVERSION = YES;
				CLANG_WARN_DIRECT_OBJC_ISA_USAGE = YES_ERROR;
				CLANG_WARN_EMPTY_BODY = YES;
				CLANG_WARN_ENUM_CONVERSION = YES;
				CLANG_WARN_INT_CONVERSION = YES;
				CLANG_WARN_OBJC_ROOT_CLASS = YES_ERROR;
				CLANG_WARN_UNREACHABLE_CODE = YES;
				CLANG_WARN__DUPLICATE_METHOD_MATCH = YES;
				CODE_SIGN_IDENTITY = "-";
				COPY_PHASE_STRIP = NO;
				CURRENT_PROJECT_VERSION = 1;
				DEBUG_INFORMATION_FORMAT = dwarf;
				ENABLE_STRICT_OBJC_MSGSEND = YES;
				ENABLE_TESTABILITY = YES;
				GCC_C_LANGUAGE_STANDARD = gnu99;
				GCC_DYNAMIC_NO_PIC = NO;
				GCC_NO_COMMON_BLOCKS = YES;
				GCC_OPTIMIZATION_LEVEL = 0;
				GCC_PREPROCESSOR_DEFINITIONS = (
					"DEBUG=1",
					"$(inherited)",
				);
				GCC_WARN_64_TO_32_BIT_CONVERSION = YES;
				GCC_WARN_ABOUT_RETURN_TYPE = YES_ERROR;
				GCC_WARN_UNDECLARED_SELECTOR = YES;
				GCC_WARN_UNINITIALIZED_AUTOS = YES_AGGRESSIVE;
				GCC_WARN_UNUSED_FUNCTION = YES;
				GCC_WARN_UNUSED_VARIABLE = YES;
				MACOSX_DEPLOYMENT_TARGET = 10.11;
				MTL_ENABLE_DEBUG_INFO = YES;
				ONLY_ACTIVE_ARCH = YES;
				SDKROOT = macosx;
				SWIFT_OPTIMIZATION_LEVEL = "-Onone";
				VERSIONING_SYSTEM = "apple-generic";
				VERSION_INFO_PREFIX = "";
			};
			name = Debug;
		};
		F8933C511C3D97E10048EFE9 /* Release */ = {
			isa = XCBuildConfiguration;
			buildSettings = {
				ALWAYS_SEARCH_USER_PATHS = NO;
				CLANG_CXX_LANGUAGE_STANDARD = "gnu++0x";
				CLANG_CXX_LIBRARY = "libc++";
				CLANG_ENABLE_MODULES = YES;
				CLANG_ENABLE_OBJC_ARC = YES;
				CLANG_WARN_BOOL_CONVERSION = YES;
				CLANG_WARN_CONSTANT_CONVERSION = YES;
				CLANG_WARN_DIRECT_OBJC_ISA_USAGE = YES_ERROR;
				CLANG_WARN_EMPTY_BODY = YES;
				CLANG_WARN_ENUM_CONVERSION = YES;
				CLANG_WARN_INT_CONVERSION = YES;
				CLANG_WARN_OBJC_ROOT_CLASS = YES_ERROR;
				CLANG_WARN_UNREACHABLE_CODE = YES;
				CLANG_WARN__DUPLICATE_METHOD_MATCH = YES;
				CODE_SIGN_IDENTITY = "-";
				COPY_PHASE_STRIP = NO;
				CURRENT_PROJECT_VERSION = 1;
				DEBUG_INFORMATION_FORMAT = "dwarf-with-dsym";
				ENABLE_NS_ASSERTIONS = NO;
				ENABLE_STRICT_OBJC_MSGSEND = YES;
				GCC_C_LANGUAGE_STANDARD = gnu99;
				GCC_NO_COMMON_BLOCKS = YES;
				GCC_WARN_64_TO_32_BIT_CONVERSION = YES;
				GCC_WARN_ABOUT_RETURN_TYPE = YES_ERROR;
				GCC_WARN_UNDECLARED_SELECTOR = YES;
				GCC_WARN_UNINITIALIZED_AUTOS = YES_AGGRESSIVE;
				GCC_WARN_UNUSED_FUNCTION = YES;
				GCC_WARN_UNUSED_VARIABLE = YES;
				MACOSX_DEPLOYMENT_TARGET = 10.11;
				MTL_ENABLE_DEBUG_INFO = NO;
				SDKROOT = macosx;
				VERSIONING_SYSTEM = "apple-generic";
				VERSION_INFO_PREFIX = "";
			};
			name = Release;
		};
		F8933C531C3D97E10048EFE9 /* Debug */ = {
			isa = XCBuildConfiguration;
			buildSettings = {
				COMBINE_HIDPI_IMAGES = YES;
				DEFINES_MODULE = NO;
				DEPLOYMENT_LOCATION = YES;
				DSTROOT = "$(CONFIGURATION_BUILD_DIR)";
				DYLIB_COMPATIBILITY_VERSION = 1;
				DYLIB_CURRENT_VERSION = 1;
				DYLIB_INSTALL_NAME_BASE = "@rpath";
				EMBEDDED_CONTENT_CONTAINS_SWIFT = NO;
				FRAMEWORK_VERSION = A;
				INFOPLIST_FILE = "WebSockets Server/Info.plist";
				INSTALL_PATH = /PerfectLibraries;
				LD_RUNPATH_SEARCH_PATHS = "$(inherited) @executable_path/../Frameworks @loader_path/Frameworks";
				MACOSX_DEPLOYMENT_TARGET = 10.11;
				PRODUCT_BUNDLE_IDENTIFIER = "ca.perfectlysoft.WebSockets-Server";
				PRODUCT_NAME = "$(TARGET_NAME)";
				SKIP_INSTALL = NO;
			};
			name = Debug;
		};
		F8933C541C3D97E10048EFE9 /* Release */ = {
			isa = XCBuildConfiguration;
			buildSettings = {
				COMBINE_HIDPI_IMAGES = YES;
				DEFINES_MODULE = NO;
				DEPLOYMENT_LOCATION = YES;
				DSTROOT = "$(CONFIGURATION_BUILD_DIR)";
				DYLIB_COMPATIBILITY_VERSION = 1;
				DYLIB_CURRENT_VERSION = 1;
				DYLIB_INSTALL_NAME_BASE = "@rpath";
				EMBEDDED_CONTENT_CONTAINS_SWIFT = NO;
				FRAMEWORK_VERSION = A;
				INFOPLIST_FILE = "WebSockets Server/Info.plist";
				INSTALL_PATH = /PerfectLibraries;
				LD_RUNPATH_SEARCH_PATHS = "$(inherited) @executable_path/../Frameworks @loader_path/Frameworks";
				MACOSX_DEPLOYMENT_TARGET = 10.11;
				PRODUCT_BUNDLE_IDENTIFIER = "ca.perfectlysoft.WebSockets-Server";
				PRODUCT_NAME = "$(TARGET_NAME)";
				SKIP_INSTALL = NO;
			};
			name = Release;
		};
/* End XCBuildConfiguration section */

/* Begin XCConfigurationList section */
		F8933C401C3D97E10048EFE9 /* Build configuration list for PBXProject "WebSockets Server" */ = {
			isa = XCConfigurationList;
			buildConfigurations = (
				F8933C501C3D97E10048EFE9 /* Debug */,
				F8933C511C3D97E10048EFE9 /* Release */,
			);
			defaultConfigurationIsVisible = 0;
			defaultConfigurationName = Release;
		};
		F8933C521C3D97E10048EFE9 /* Build configuration list for PBXNativeTarget "WebSockets Server" */ = {
			isa = XCConfigurationList;
			buildConfigurations = (
				F8933C531C3D97E10048EFE9 /* Debug */,
				F8933C541C3D97E10048EFE9 /* Release */,
			);
			defaultConfigurationIsVisible = 0;
			defaultConfigurationName = Release;
		};
/* End XCConfigurationList section */
	};
	rootObject = F8933C3D1C3D97E10048EFE9 /* Project object */;
}
