// !$*UTF8*$!
{
	archiveVersion = 1;
	classes = {
	};
	objectVersion = 46;
	objects = {

/* Begin PBXBuildFile section */
		F892DC3D1BF257B30055CB0D /* Extensions.swift in Sources */ = {isa = PBXBuildFile; fileRef = F892DC3C1BF257B30055CB0D /* Extensions.swift */; };
		F8B643071BF4DE2E00589D93 /* LoginViewController.swift in Sources */ = {isa = PBXBuildFile; fileRef = F8B643061BF4DE2E00589D93 /* LoginViewController.swift */; };
		F8B643091BF4DE3900589D93 /* RegisterViewController.swift in Sources */ = {isa = PBXBuildFile; fileRef = F8B643081BF4DE3900589D93 /* RegisterViewController.swift */; };
		F8B6430B1BF4DE7200589D93 /* ResultViewController.swift in Sources */ = {isa = PBXBuildFile; fileRef = F8B6430A1BF4DE7200589D93 /* ResultViewController.swift */; };
		F8B6430E1BF4E38000589D93 /* User-Client.swift in Sources */ = {isa = PBXBuildFile; fileRef = F8B6430D1BF4E38000589D93 /* User-Client.swift */; };
		F8B6430F1BF4E3D500589D93 /* User.swift in Sources */ = {isa = PBXBuildFile; fileRef = F8BE5DFE1BF1389500FB800A /* User.swift */; };
		F8B643111BF4E5C000589D93 /* URLSessionDelegate.swift in Sources */ = {isa = PBXBuildFile; fileRef = F8B643101BF4E5C000589D93 /* URLSessionDelegate.swift */; };
		F8BE5DED1BF12F0400FB800A /* Authenticator.h in Headers */ = {isa = PBXBuildFile; fileRef = F8BE5DEC1BF12F0400FB800A /* Authenticator.h */; settings = {ATTRIBUTES = (Public, ); }; };
		F8BE5DF11BF12F0400FB800A /* PerfectHandlers.swift in Sources */ = {isa = PBXBuildFile; fileRef = F8BE5DF01BF12F0400FB800A /* PerfectHandlers.swift */; };
		F8BE5DFB1BF12FE700FB800A /* PerfectLib.framework in Frameworks */ = {isa = PBXBuildFile; fileRef = F8BE5DFA1BF12FE700FB800A /* PerfectLib.framework */; };
		F8BE5DFF1BF1389500FB800A /* User.swift in Sources */ = {isa = PBXBuildFile; fileRef = F8BE5DFE1BF1389500FB800A /* User.swift */; };
		F8BE5E011BF1390800FB800A /* AuthenticatingHandler.swift in Sources */ = {isa = PBXBuildFile; fileRef = F8BE5E001BF1390800FB800A /* AuthenticatingHandler.swift */; };
		F8BE5E031BF239FE00FB800A /* RegistrationHandler.swift in Sources */ = {isa = PBXBuildFile; fileRef = F8BE5E021BF239FE00FB800A /* RegistrationHandler.swift */; };
		F8BE5E051BF23A0D00FB800A /* LoginHandler.swift in Sources */ = {isa = PBXBuildFile; fileRef = F8BE5E041BF23A0D00FB800A /* LoginHandler.swift */; };
		F8BE5E071BF23A1900FB800A /* NullHandler.swift in Sources */ = {isa = PBXBuildFile; fileRef = F8BE5E061BF23A1900FB800A /* NullHandler.swift */; };
		F8BE5E0A1BF244DA00FB800A /* User-Server.swift in Sources */ = {isa = PBXBuildFile; fileRef = F8BE5E091BF244DA00FB800A /* User-Server.swift */; };
		F8E36D251BF3F21A001D6106 /* AppDelegate.swift in Sources */ = {isa = PBXBuildFile; fileRef = F8E36D241BF3F21A001D6106 /* AppDelegate.swift */; };
		F8E36D271BF3F21A001D6106 /* ViewController.swift in Sources */ = {isa = PBXBuildFile; fileRef = F8E36D261BF3F21A001D6106 /* ViewController.swift */; };
		F8E36D2A1BF3F21A001D6106 /* Main.storyboard in Resources */ = {isa = PBXBuildFile; fileRef = F8E36D281BF3F21A001D6106 /* Main.storyboard */; };
		F8E36D2C1BF3F21A001D6106 /* Assets.xcassets in Resources */ = {isa = PBXBuildFile; fileRef = F8E36D2B1BF3F21A001D6106 /* Assets.xcassets */; };
		F8E36D2F1BF3F21A001D6106 /* LaunchScreen.storyboard in Resources */ = {isa = PBXBuildFile; fileRef = F8E36D2D1BF3F21A001D6106 /* LaunchScreen.storyboard */; };
		F8F2280A1BF2936000750BE6 /* login.mustache in CopyFiles */ = {isa = PBXBuildFile; fileRef = F8F228051BF2932F00750BE6 /* login.mustache */; };
		F8F2280B1BF2936400750BE6 /* register.mustache in CopyFiles */ = {isa = PBXBuildFile; fileRef = F8F228061BF2932F00750BE6 /* register.mustache */; };
		F8F2280E1BF293AC00750BE6 /* index.mustache in CopyFiles */ = {isa = PBXBuildFile; fileRef = F8F2280C1BF2939E00750BE6 /* index.mustache */; };
/* End PBXBuildFile section */

/* Begin PBXCopyFilesBuildPhase section */
		F8BE5DF81BF12FCC00FB800A /* CopyFiles */ = {
			isa = PBXCopyFilesBuildPhase;
			buildActionMask = 2147483647;
			dstPath = webroot;
			dstSubfolderSpec = 16;
			files = (
				F8F2280E1BF293AC00750BE6 /* index.mustache in CopyFiles */,
				F8F2280B1BF2936400750BE6 /* register.mustache in CopyFiles */,
				F8F2280A1BF2936000750BE6 /* login.mustache in CopyFiles */,
			);
			runOnlyForDeploymentPostprocessing = 0;
		};
/* End PBXCopyFilesBuildPhase section */

/* Begin PBXFileReference section */
		F892DC3C1BF257B30055CB0D /* Extensions.swift */ = {isa = PBXFileReference; fileEncoding = 4; lastKnownFileType = sourcecode.swift; path = Extensions.swift; sourceTree = "<group>"; };
		F8B643061BF4DE2E00589D93 /* LoginViewController.swift */ = {isa = PBXFileReference; fileEncoding = 4; lastKnownFileType = sourcecode.swift; path = LoginViewController.swift; sourceTree = "<group>"; };
		F8B643081BF4DE3900589D93 /* RegisterViewController.swift */ = {isa = PBXFileReference; fileEncoding = 4; lastKnownFileType = sourcecode.swift; name = RegisterViewController.swift; path = ../RegisterViewController.swift; sourceTree = "<group>"; };
		F8B6430A1BF4DE7200589D93 /* ResultViewController.swift */ = {isa = PBXFileReference; fileEncoding = 4; lastKnownFileType = sourcecode.swift; path = ResultViewController.swift; sourceTree = "<group>"; };
		F8B6430D1BF4E38000589D93 /* User-Client.swift */ = {isa = PBXFileReference; fileEncoding = 4; lastKnownFileType = sourcecode.swift; path = "User-Client.swift"; sourceTree = "<group>"; };
		F8B643101BF4E5C000589D93 /* URLSessionDelegate.swift */ = {isa = PBXFileReference; fileEncoding = 4; lastKnownFileType = sourcecode.swift; path = URLSessionDelegate.swift; sourceTree = "<group>"; };
		F8BE5DE91BF12F0400FB800A /* Authenticator Server.framework */ = {isa = PBXFileReference; explicitFileType = wrapper.framework; includeInIndex = 0; path = "Authenticator Server.framework"; sourceTree = BUILT_PRODUCTS_DIR; };
		F8BE5DEC1BF12F0400FB800A /* Authenticator.h */ = {isa = PBXFileReference; lastKnownFileType = sourcecode.c.h; path = Authenticator.h; sourceTree = "<group>"; };
		F8BE5DF01BF12F0400FB800A /* PerfectHandlers.swift */ = {isa = PBXFileReference; lastKnownFileType = sourcecode.swift; path = PerfectHandlers.swift; sourceTree = "<group>"; };
		F8BE5DF21BF12F0400FB800A /* Info.plist */ = {isa = PBXFileReference; lastKnownFileType = text.plist.xml; path = Info.plist; sourceTree = "<group>"; };
		F8BE5DFA1BF12FE700FB800A /* PerfectLib.framework */ = {isa = PBXFileReference; lastKnownFileType = wrapper.framework; name = PerfectLib.framework; path = "../../../../Library/Developer/Xcode/DerivedData/Examples-ebfeivyuaxcjnrhcezzfamsblphw/Build/Products/Debug/PerfectLib.framework"; sourceTree = "<group>"; };
		F8BE5DFE1BF1389500FB800A /* User.swift */ = {isa = PBXFileReference; fileEncoding = 4; lastKnownFileType = sourcecode.swift; name = User.swift; path = Authenticator/User.swift; sourceTree = "<group>"; };
		F8BE5E001BF1390800FB800A /* AuthenticatingHandler.swift */ = {isa = PBXFileReference; fileEncoding = 4; lastKnownFileType = sourcecode.swift; path = AuthenticatingHandler.swift; sourceTree = "<group>"; };
		F8BE5E021BF239FE00FB800A /* RegistrationHandler.swift */ = {isa = PBXFileReference; fileEncoding = 4; lastKnownFileType = sourcecode.swift; path = RegistrationHandler.swift; sourceTree = "<group>"; };
		F8BE5E041BF23A0D00FB800A /* LoginHandler.swift */ = {isa = PBXFileReference; fileEncoding = 4; lastKnownFileType = sourcecode.swift; path = LoginHandler.swift; sourceTree = "<group>"; };
		F8BE5E061BF23A1900FB800A /* NullHandler.swift */ = {isa = PBXFileReference; fileEncoding = 4; lastKnownFileType = sourcecode.swift; path = NullHandler.swift; sourceTree = "<group>"; };
		F8BE5E091BF244DA00FB800A /* User-Server.swift */ = {isa = PBXFileReference; fileEncoding = 4; lastKnownFileType = sourcecode.swift; path = "User-Server.swift"; sourceTree = "<group>"; };
		F8E36D221BF3F21A001D6106 /* Authenticator Client.app */ = {isa = PBXFileReference; explicitFileType = wrapper.application; includeInIndex = 0; path = "Authenticator Client.app"; sourceTree = BUILT_PRODUCTS_DIR; };
		F8E36D241BF3F21A001D6106 /* AppDelegate.swift */ = {isa = PBXFileReference; lastKnownFileType = sourcecode.swift; path = AppDelegate.swift; sourceTree = "<group>"; };
		F8E36D261BF3F21A001D6106 /* ViewController.swift */ = {isa = PBXFileReference; lastKnownFileType = sourcecode.swift; path = ViewController.swift; sourceTree = "<group>"; };
		F8E36D291BF3F21A001D6106 /* Base */ = {isa = PBXFileReference; lastKnownFileType = file.storyboard; name = Base; path = Base.lproj/Main.storyboard; sourceTree = "<group>"; };
		F8E36D2B1BF3F21A001D6106 /* Assets.xcassets */ = {isa = PBXFileReference; lastKnownFileType = folder.assetcatalog; path = Assets.xcassets; sourceTree = "<group>"; };
		F8E36D2E1BF3F21A001D6106 /* Base */ = {isa = PBXFileReference; lastKnownFileType = file.storyboard; name = Base; path = Base.lproj/LaunchScreen.storyboard; sourceTree = "<group>"; };
		F8E36D301BF3F21A001D6106 /* Info.plist */ = {isa = PBXFileReference; lastKnownFileType = text.plist.xml; path = Info.plist; sourceTree = "<group>"; };
		F8F228051BF2932F00750BE6 /* login.mustache */ = {isa = PBXFileReference; fileEncoding = 4; lastKnownFileType = text; path = login.mustache; sourceTree = "<group>"; };
		F8F228061BF2932F00750BE6 /* register.mustache */ = {isa = PBXFileReference; fileEncoding = 4; lastKnownFileType = text; path = register.mustache; sourceTree = "<group>"; };
		F8F2280C1BF2939E00750BE6 /* index.mustache */ = {isa = PBXFileReference; fileEncoding = 4; lastKnownFileType = text; path = index.mustache; sourceTree = "<group>"; };
/* End PBXFileReference section */

/* Begin PBXFrameworksBuildPhase section */
		F8BE5DE51BF12F0400FB800A /* Frameworks */ = {
			isa = PBXFrameworksBuildPhase;
			buildActionMask = 2147483647;
			files = (
				F8BE5DFB1BF12FE700FB800A /* PerfectLib.framework in Frameworks */,
			);
			runOnlyForDeploymentPostprocessing = 0;
		};
		F8E36D1F1BF3F21A001D6106 /* Frameworks */ = {
			isa = PBXFrameworksBuildPhase;
			buildActionMask = 2147483647;
			files = (
			);
			runOnlyForDeploymentPostprocessing = 0;
		};
/* End PBXFrameworksBuildPhase section */

/* Begin PBXGroup section */
		F8B6430C1BF4E36900589D93 /* Shared */ = {
			isa = PBXGroup;
			children = (
				F8BE5DFE1BF1389500FB800A /* User.swift */,
			);
			name = Shared;
			sourceTree = "<group>";
		};
		F8BE5DDF1BF12F0400FB800A = {
			isa = PBXGroup;
			children = (
				F8E36D231BF3F21A001D6106 /* Authenticator Client */,
				F8BE5DEB1BF12F0400FB800A /* Authenticator Server */,
				F8B6430C1BF4E36900589D93 /* Shared */,
				F8F228091BF2933700750BE6 /* Templates */,
				F8BE5DFC1BF12FF400FB800A /* Linked */,
				F8BE5DEA1BF12F0400FB800A /* Products */,
			);
			sourceTree = "<group>";
		};
		F8BE5DEA1BF12F0400FB800A /* Products */ = {
			isa = PBXGroup;
			children = (
				F8BE5DE91BF12F0400FB800A /* Authenticator Server.framework */,
				F8E36D221BF3F21A001D6106 /* Authenticator Client.app */,
			);
			name = Products;
			sourceTree = "<group>";
		};
		F8BE5DEB1BF12F0400FB800A /* Authenticator Server */ = {
			isa = PBXGroup;
			children = (
				F8BE5DF01BF12F0400FB800A /* PerfectHandlers.swift */,
				F8BE5E021BF239FE00FB800A /* RegistrationHandler.swift */,
				F8BE5E041BF23A0D00FB800A /* LoginHandler.swift */,
				F8BE5E001BF1390800FB800A /* AuthenticatingHandler.swift */,
				F8BE5E061BF23A1900FB800A /* NullHandler.swift */,
				F8BE5E091BF244DA00FB800A /* User-Server.swift */,
				F892DC3C1BF257B30055CB0D /* Extensions.swift */,
				F8BE5DEC1BF12F0400FB800A /* Authenticator.h */,
				F8BE5DF21BF12F0400FB800A /* Info.plist */,
			);
			name = "Authenticator Server";
			path = Authenticator;
			sourceTree = "<group>";
		};
		F8BE5DFC1BF12FF400FB800A /* Linked */ = {
			isa = PBXGroup;
			children = (
				F8BE5DFA1BF12FE700FB800A /* PerfectLib.framework */,
			);
			name = Linked;
			sourceTree = "<group>";
		};
		F8E36D231BF3F21A001D6106 /* Authenticator Client */ = {
			isa = PBXGroup;
			children = (
				F8E36D281BF3F21A001D6106 /* Main.storyboard */,
				F8E36D2B1BF3F21A001D6106 /* Assets.xcassets */,
				F8E36D2D1BF3F21A001D6106 /* LaunchScreen.storyboard */,
				F8E36D301BF3F21A001D6106 /* Info.plist */,
				F8E36D241BF3F21A001D6106 /* AppDelegate.swift */,
				F8E36D261BF3F21A001D6106 /* ViewController.swift */,
				F8B643061BF4DE2E00589D93 /* LoginViewController.swift */,
				F8B643081BF4DE3900589D93 /* RegisterViewController.swift */,
				F8B6430A1BF4DE7200589D93 /* ResultViewController.swift */,
				F8B6430D1BF4E38000589D93 /* User-Client.swift */,
				F8B643101BF4E5C000589D93 /* URLSessionDelegate.swift */,
			);
			path = "Authenticator Client";
			sourceTree = "<group>";
		};
		F8F228091BF2933700750BE6 /* Templates */ = {
			isa = PBXGroup;
			children = (
				F8F2280C1BF2939E00750BE6 /* index.mustache */,
				F8F228051BF2932F00750BE6 /* login.mustache */,
				F8F228061BF2932F00750BE6 /* register.mustache */,
			);
			name = Templates;
			path = Authenticator;
			sourceTree = "<group>";
		};
/* End PBXGroup section */

/* Begin PBXHeadersBuildPhase section */
		F8BE5DE61BF12F0400FB800A /* Headers */ = {
			isa = PBXHeadersBuildPhase;
			buildActionMask = 2147483647;
			files = (
				F8BE5DED1BF12F0400FB800A /* Authenticator.h in Headers */,
			);
			runOnlyForDeploymentPostprocessing = 0;
		};
/* End PBXHeadersBuildPhase section */

/* Begin PBXNativeTarget section */
		F8BE5DE81BF12F0400FB800A /* Authenticator Server */ = {
			isa = PBXNativeTarget;
			buildConfigurationList = F8BE5DF51BF12F0400FB800A /* Build configuration list for PBXNativeTarget "Authenticator Server" */;
			buildPhases = (
				F8BE5DE41BF12F0400FB800A /* Sources */,
				F8BE5DE51BF12F0400FB800A /* Frameworks */,
				F8BE5DE61BF12F0400FB800A /* Headers */,
				F8BE5DE71BF12F0400FB800A /* Resources */,
				F8BE5DF81BF12FCC00FB800A /* CopyFiles */,
			);
			buildRules = (
			);
			dependencies = (
			);
			name = "Authenticator Server";
			productName = Authenticator;
			productReference = F8BE5DE91BF12F0400FB800A /* Authenticator Server.framework */;
			productType = "com.apple.product-type.framework";
		};
		F8E36D211BF3F21A001D6106 /* Authenticator Client */ = {
			isa = PBXNativeTarget;
			buildConfigurationList = F8E36D331BF3F21A001D6106 /* Build configuration list for PBXNativeTarget "Authenticator Client" */;
			buildPhases = (
				F8E36D1E1BF3F21A001D6106 /* Sources */,
				F8E36D1F1BF3F21A001D6106 /* Frameworks */,
				F8E36D201BF3F21A001D6106 /* Resources */,
			);
			buildRules = (
			);
			dependencies = (
			);
			name = "Authenticator Client";
			productName = "Authenticator Client";
			productReference = F8E36D221BF3F21A001D6106 /* Authenticator Client.app */;
			productType = "com.apple.product-type.application";
		};
/* End PBXNativeTarget section */

/* Begin PBXProject section */
		F8BE5DE01BF12F0400FB800A /* Project object */ = {
			isa = PBXProject;
			attributes = {
				LastSwiftUpdateCheck = 0710;
				LastUpgradeCheck = 0710;
				ORGANIZATIONNAME = PerfectlySoft;
				TargetAttributes = {
					F8BE5DE81BF12F0400FB800A = {
						CreatedOnToolsVersion = 7.1;
					};
					F8E36D211BF3F21A001D6106 = {
						CreatedOnToolsVersion = 7.1.1;
					};
				};
			};
			buildConfigurationList = F8BE5DE31BF12F0400FB800A /* Build configuration list for PBXProject "Authenticator" */;
			compatibilityVersion = "Xcode 3.2";
			developmentRegion = English;
			hasScannedForEncodings = 0;
			knownRegions = (
				en,
				Base,
			);
			mainGroup = F8BE5DDF1BF12F0400FB800A;
			productRefGroup = F8BE5DEA1BF12F0400FB800A /* Products */;
			projectDirPath = "";
			projectRoot = "";
			targets = (
				F8BE5DE81BF12F0400FB800A /* Authenticator Server */,
				F8E36D211BF3F21A001D6106 /* Authenticator Client */,
			);
		};
/* End PBXProject section */

/* Begin PBXResourcesBuildPhase section */
		F8BE5DE71BF12F0400FB800A /* Resources */ = {
			isa = PBXResourcesBuildPhase;
			buildActionMask = 2147483647;
			files = (
			);
			runOnlyForDeploymentPostprocessing = 0;
		};
		F8E36D201BF3F21A001D6106 /* Resources */ = {
			isa = PBXResourcesBuildPhase;
			buildActionMask = 2147483647;
			files = (
				F8E36D2F1BF3F21A001D6106 /* LaunchScreen.storyboard in Resources */,
				F8E36D2C1BF3F21A001D6106 /* Assets.xcassets in Resources */,
				F8E36D2A1BF3F21A001D6106 /* Main.storyboard in Resources */,
			);
			runOnlyForDeploymentPostprocessing = 0;
		};
/* End PBXResourcesBuildPhase section */

/* Begin PBXSourcesBuildPhase section */
		F8BE5DE41BF12F0400FB800A /* Sources */ = {
			isa = PBXSourcesBuildPhase;
			buildActionMask = 2147483647;
			files = (
				F8BE5E0A1BF244DA00FB800A /* User-Server.swift in Sources */,
				F8BE5DFF1BF1389500FB800A /* User.swift in Sources */,
				F8BE5E031BF239FE00FB800A /* RegistrationHandler.swift in Sources */,
				F892DC3D1BF257B30055CB0D /* Extensions.swift in Sources */,
				F8BE5E071BF23A1900FB800A /* NullHandler.swift in Sources */,
				F8BE5E011BF1390800FB800A /* AuthenticatingHandler.swift in Sources */,
				F8BE5DF11BF12F0400FB800A /* PerfectHandlers.swift in Sources */,
				F8BE5E051BF23A0D00FB800A /* LoginHandler.swift in Sources */,
			);
			runOnlyForDeploymentPostprocessing = 0;
		};
		F8E36D1E1BF3F21A001D6106 /* Sources */ = {
			isa = PBXSourcesBuildPhase;
			buildActionMask = 2147483647;
			files = (
				F8B6430B1BF4DE7200589D93 /* ResultViewController.swift in Sources */,
				F8B643071BF4DE2E00589D93 /* LoginViewController.swift in Sources */,
				F8E36D271BF3F21A001D6106 /* ViewController.swift in Sources */,
				F8B6430E1BF4E38000589D93 /* User-Client.swift in Sources */,
				F8E36D251BF3F21A001D6106 /* AppDelegate.swift in Sources */,
				F8B643111BF4E5C000589D93 /* URLSessionDelegate.swift in Sources */,
				F8B643091BF4DE3900589D93 /* RegisterViewController.swift in Sources */,
				F8B6430F1BF4E3D500589D93 /* User.swift in Sources */,
			);
			runOnlyForDeploymentPostprocessing = 0;
		};
/* End PBXSourcesBuildPhase section */

/* Begin PBXVariantGroup section */
		F8E36D281BF3F21A001D6106 /* Main.storyboard */ = {
			isa = PBXVariantGroup;
			children = (
				F8E36D291BF3F21A001D6106 /* Base */,
			);
			name = Main.storyboard;
			sourceTree = "<group>";
		};
		F8E36D2D1BF3F21A001D6106 /* LaunchScreen.storyboard */ = {
			isa = PBXVariantGroup;
			children = (
				F8E36D2E1BF3F21A001D6106 /* Base */,
			);
			name = LaunchScreen.storyboard;
			sourceTree = "<group>";
		};
/* End PBXVariantGroup section */

/* Begin XCBuildConfiguration section */
		F8BE5DF31BF12F0400FB800A /* Debug */ = {
			isa = XCBuildConfiguration;
			buildSettings = {
				ALWAYS_SEARCH_USER_PATHS = NO;
				CLANG_CXX_LANGUAGE_STANDARD = "gnu++0x";
				CLANG_CXX_LIBRARY = "libc++";
				CLANG_ENABLE_MODULES = YES;
				CLANG_ENABLE_OBJC_ARC = YES;
				CLANG_WARN_BOOL_CONVERSION = YES;
				CLANG_WARN_CONSTANT_CONVERSION = YES;
				CLANG_WARN_DIRECT_OBJC_ISA_USAGE = YES_ERROR;
				CLANG_WARN_EMPTY_BODY = YES;
				CLANG_WARN_ENUM_CONVERSION = YES;
				CLANG_WARN_INT_CONVERSION = YES;
				CLANG_WARN_OBJC_ROOT_CLASS = YES_ERROR;
				CLANG_WARN_UNREACHABLE_CODE = YES;
				CLANG_WARN__DUPLICATE_METHOD_MATCH = YES;
				CODE_SIGN_IDENTITY = "-";
				COPY_PHASE_STRIP = NO;
				CURRENT_PROJECT_VERSION = 1;
				DEBUG_INFORMATION_FORMAT = dwarf;
				ENABLE_STRICT_OBJC_MSGSEND = YES;
				ENABLE_TESTABILITY = YES;
				GCC_C_LANGUAGE_STANDARD = gnu99;
				GCC_DYNAMIC_NO_PIC = NO;
				GCC_NO_COMMON_BLOCKS = YES;
				GCC_OPTIMIZATION_LEVEL = 0;
				GCC_PREPROCESSOR_DEFINITIONS = (
					"DEBUG=1",
					"$(inherited)",
				);
				GCC_WARN_64_TO_32_BIT_CONVERSION = YES;
				GCC_WARN_ABOUT_RETURN_TYPE = YES_ERROR;
				GCC_WARN_UNDECLARED_SELECTOR = YES;
				GCC_WARN_UNINITIALIZED_AUTOS = YES_AGGRESSIVE;
				GCC_WARN_UNUSED_FUNCTION = YES;
				GCC_WARN_UNUSED_VARIABLE = YES;
				MACOSX_DEPLOYMENT_TARGET = 10.11;
				MTL_ENABLE_DEBUG_INFO = YES;
				ONLY_ACTIVE_ARCH = YES;
				SDKROOT = macosx;
				SWIFT_OPTIMIZATION_LEVEL = "-Onone";
				VERSIONING_SYSTEM = "apple-generic";
				VERSION_INFO_PREFIX = "";
			};
			name = Debug;
		};
		F8BE5DF41BF12F0400FB800A /* Release */ = {
			isa = XCBuildConfiguration;
			buildSettings = {
				ALWAYS_SEARCH_USER_PATHS = NO;
				CLANG_CXX_LANGUAGE_STANDARD = "gnu++0x";
				CLANG_CXX_LIBRARY = "libc++";
				CLANG_ENABLE_MODULES = YES;
				CLANG_ENABLE_OBJC_ARC = YES;
				CLANG_WARN_BOOL_CONVERSION = YES;
				CLANG_WARN_CONSTANT_CONVERSION = YES;
				CLANG_WARN_DIRECT_OBJC_ISA_USAGE = YES_ERROR;
				CLANG_WARN_EMPTY_BODY = YES;
				CLANG_WARN_ENUM_CONVERSION = YES;
				CLANG_WARN_INT_CONVERSION = YES;
				CLANG_WARN_OBJC_ROOT_CLASS = YES_ERROR;
				CLANG_WARN_UNREACHABLE_CODE = YES;
				CLANG_WARN__DUPLICATE_METHOD_MATCH = YES;
				CODE_SIGN_IDENTITY = "-";
				COPY_PHASE_STRIP = NO;
				CURRENT_PROJECT_VERSION = 1;
				DEBUG_INFORMATION_FORMAT = "dwarf-with-dsym";
				ENABLE_NS_ASSERTIONS = NO;
				ENABLE_STRICT_OBJC_MSGSEND = YES;
				GCC_C_LANGUAGE_STANDARD = gnu99;
				GCC_NO_COMMON_BLOCKS = YES;
				GCC_WARN_64_TO_32_BIT_CONVERSION = YES;
				GCC_WARN_ABOUT_RETURN_TYPE = YES_ERROR;
				GCC_WARN_UNDECLARED_SELECTOR = YES;
				GCC_WARN_UNINITIALIZED_AUTOS = YES_AGGRESSIVE;
				GCC_WARN_UNUSED_FUNCTION = YES;
				GCC_WARN_UNUSED_VARIABLE = YES;
				MACOSX_DEPLOYMENT_TARGET = 10.11;
				MTL_ENABLE_DEBUG_INFO = NO;
				SDKROOT = macosx;
				VERSIONING_SYSTEM = "apple-generic";
				VERSION_INFO_PREFIX = "";
			};
			name = Release;
		};
		F8BE5DF61BF12F0400FB800A /* Debug */ = {
			isa = XCBuildConfiguration;
			buildSettings = {
				COMBINE_HIDPI_IMAGES = YES;
				DEPLOYMENT_LOCATION = YES;
				DSTROOT = "$(CONFIGURATION_BUILD_DIR)";
				DYLIB_COMPATIBILITY_VERSION = 1;
				DYLIB_CURRENT_VERSION = 1;
				DYLIB_INSTALL_NAME_BASE = "@rpath";
				FRAMEWORK_VERSION = A;
				INFOPLIST_FILE = Authenticator/Info.plist;
				INSTALL_PATH = /PerfectLibraries;
				LD_RUNPATH_SEARCH_PATHS = "$(inherited) @executable_path/../Frameworks @loader_path/Frameworks";
				LIBRARY_SEARCH_PATHS = (
					"$(inherited)",
					"$(SDKROOT)/usr/lib/system",
				);
				MACOSX_DEPLOYMENT_TARGET = 10.11;
				PRODUCT_BUNDLE_IDENTIFIER = ca.perfectlysoft.Authenticator;
				PRODUCT_NAME = "$(TARGET_NAME)";
				SKIP_INSTALL = NO;
				SWIFT_INCLUDE_PATHS = "${SRCROOT}/linked/CommonCrypto";
			};
			name = Debug;
		};
		F8BE5DF71BF12F0400FB800A /* Release */ = {
			isa = XCBuildConfiguration;
			buildSettings = {
				COMBINE_HIDPI_IMAGES = YES;
				DEPLOYMENT_LOCATION = YES;
				DSTROOT = "$(CONFIGURATION_BUILD_DIR)";
				DYLIB_COMPATIBILITY_VERSION = 1;
				DYLIB_CURRENT_VERSION = 1;
				DYLIB_INSTALL_NAME_BASE = "@rpath";
				FRAMEWORK_VERSION = A;
				INFOPLIST_FILE = Authenticator/Info.plist;
				INSTALL_PATH = /PerfectLibraries;
				LD_RUNPATH_SEARCH_PATHS = "$(inherited) @executable_path/../Frameworks @loader_path/Frameworks";
				LIBRARY_SEARCH_PATHS = (
					"$(inherited)",
					"$(SDKROOT)/usr/lib/system",
				);
				MACOSX_DEPLOYMENT_TARGET = 10.11;
				PRODUCT_BUNDLE_IDENTIFIER = ca.perfectlysoft.Authenticator;
				PRODUCT_NAME = "$(TARGET_NAME)";
				SKIP_INSTALL = NO;
				SWIFT_INCLUDE_PATHS = "${SRCROOT}/linked/CommonCrypto";
			};
			name = Release;
		};
		F8E36D311BF3F21A001D6106 /* Debug */ = {
			isa = XCBuildConfiguration;
			buildSettings = {
				ASSETCATALOG_COMPILER_APPICON_NAME = AppIcon;
				"CODE_SIGN_IDENTITY[sdk=iphoneos*]" = "iPhone Developer";
				INFOPLIST_FILE = "Authenticator Client/Info.plist";
				IPHONEOS_DEPLOYMENT_TARGET = 9.1;
				LD_RUNPATH_SEARCH_PATHS = "$(inherited) @executable_path/Frameworks";
				PRODUCT_BUNDLE_IDENTIFIER = "ca.perfectlysoft.Authenticator-Client";
				PRODUCT_NAME = "$(TARGET_NAME)";
				SDKROOT = iphoneos;
				TARGETED_DEVICE_FAMILY = "1,2";
			};
			name = Debug;
		};
		F8E36D321BF3F21A001D6106 /* Release */ = {
			isa = XCBuildConfiguration;
			buildSettings = {
				ASSETCATALOG_COMPILER_APPICON_NAME = AppIcon;
				"CODE_SIGN_IDENTITY[sdk=iphoneos*]" = "iPhone Developer";
				INFOPLIST_FILE = "Authenticator Client/Info.plist";
				IPHONEOS_DEPLOYMENT_TARGET = 9.1;
				LD_RUNPATH_SEARCH_PATHS = "$(inherited) @executable_path/Frameworks";
				PRODUCT_BUNDLE_IDENTIFIER = "ca.perfectlysoft.Authenticator-Client";
				PRODUCT_NAME = "$(TARGET_NAME)";
				SDKROOT = iphoneos;
				TARGETED_DEVICE_FAMILY = "1,2";
				VALIDATE_PRODUCT = YES;
			};
			name = Release;
		};
/* End XCBuildConfiguration section */

/* Begin XCConfigurationList section */
		F8BE5DE31BF12F0400FB800A /* Build configuration list for PBXProject "Authenticator" */ = {
			isa = XCConfigurationList;
			buildConfigurations = (
				F8BE5DF31BF12F0400FB800A /* Debug */,
				F8BE5DF41BF12F0400FB800A /* Release */,
			);
			defaultConfigurationIsVisible = 0;
			defaultConfigurationName = Release;
		};
		F8BE5DF51BF12F0400FB800A /* Build configuration list for PBXNativeTarget "Authenticator Server" */ = {
			isa = XCConfigurationList;
			buildConfigurations = (
				F8BE5DF61BF12F0400FB800A /* Debug */,
				F8BE5DF71BF12F0400FB800A /* Release */,
			);
			defaultConfigurationIsVisible = 0;
			defaultConfigurationName = Release;
		};
		F8E36D331BF3F21A001D6106 /* Build configuration list for PBXNativeTarget "Authenticator Client" */ = {
			isa = XCConfigurationList;
			buildConfigurations = (
				F8E36D311BF3F21A001D6106 /* Debug */,
				F8E36D321BF3F21A001D6106 /* Release */,
			);
			defaultConfigurationIsVisible = 0;
			defaultConfigurationName = Release;
		};
/* End XCConfigurationList section */
	};
	rootObject = F8BE5DE01BF12F0400FB800A /* Project object */;
}
